{
  "version": 4,
  "terraform_version": "1.5.5",
  "serial": 1438,
  "lineage": "0b07665d-3295-1a9c-507b-50c65f38f778",
  "outputs": {
    "external_ip_address_alb": {
      "value": "158.160.43.128",
      "type": "string"
    },
    "external_ip_address_bastion": {
      "value": "158.160.34.156",
      "type": "string"
    },
    "external_ip_address_elasticsearch": {
      "value": "",
      "type": "string"
    },
    "external_ip_address_kibana": {
      "value": "84.201.173.122",
      "type": "string"
    },
    "external_ip_address_vm_1": {
      "value": "",
      "type": "string"
    },
    "external_ip_address_vm_2": {
      "value": "",
      "type": "string"
    },
    "external_ip_address_zabbix": {
      "value": "158.160.54.221",
      "type": "string"
    },
    "internal_ip_address_bastion": {
      "value": "192.168.11.32",
      "type": "string"
    },
    "internal_ip_address_elasticsearch": {
      "value": "192.168.10.18",
      "type": "string"
    },
    "internal_ip_address_kibana": {
      "value": "192.168.11.13",
      "type": "string"
    },
    "internal_ip_address_vm_1": {
      "value": "192.168.10.25",
      "type": "string"
    },
    "internal_ip_address_vm_2": {
      "value": "192.168.10.33",
      "type": "string"
    },
    "internal_ip_address_zabbix": {
      "value": "192.168.11.30",
      "type": "string"
    }
  },
  "resources": [
    {
      "mode": "managed",
      "type": "local_file",
      "name": "hosts",
      "provider": "provider[\"registry.terraform.io/hashicorp/local\"]",
      "instances": [
        {
          "schema_version": 0,
          "attributes": {
            "content": "[web-servers]\nvm-1 ansible_host=192.168.10.25\nvm-2 ansible_host=192.168.10.33 \n\n[zabbix]\n192.168.11.30 \n\n[elastic]\n192.168.10.18 \n\n[kibana]\n192.168.11.13 \n\n[bastion]\n158.160.34.156\n\n[nodes:children]\nweb-servers\nzabbix\nelastic\nkibana\n\n[nodes:vars]\nansible_ssh_common_args='-o ProxyCommand=\"ssh -W %h:%p -q user@158.160.34.156\"'\n\n[all:vars]\nansible_connection=ssh\nansible_user=user\nzabbix_server_ip=158.160.54.221\nvm_1_ip=192.168.10.25\nvm_2_ip=192.168.10.33\nelastic_ip=192.168.10.18\nkibana_ip=192.168.11.13\nbastion_ip=192.168.11.32\n\n",
            "content_base64": null,
            "content_base64sha256": "EZsMDqTuZZEBO9jz6t+BBuPqESNBPAOOhlELt7HIypw=",
            "content_base64sha512": "vaGApcWy10R8yoVdcQ8bOE+BMjFG/AcG/6H3WTGh9bVgI9BHr8XkL+mPJNNtblsW2886+byFs/34QdJbdU4Sqw==",
            "content_md5": "c9887f69d833e6c1f9b3540db46c3d30",
            "content_sha1": "23d365a22df6b6a472684e74f0c4e6745e195803",
            "content_sha256": "119b0c0ea4ee6591013bd8f3eadf8106e3ea1123413c038e86510bb7b1c8ca9c",
            "content_sha512": "bda180a5c5b2d7447cca855d710f1b384f81323146fc0706ffa1f75931a1f5b56023d047afc5e42fe98f24d36d6e5b16dbcf3af9bc85b3fdf841d25b754e12ab",
            "directory_permission": "0777",
            "file_permission": "0777",
            "filename": "./../ansible/hosts.ini",
            "id": "23d365a22df6b6a472684e74f0c4e6745e195803",
            "sensitive_content": null,
            "source": null
          },
          "sensitive_attributes": [],
          "dependencies": [
            "yandex_compute_instance.bastion",
            "yandex_compute_instance.elasticsearch",
            "yandex_compute_instance.kibana",
            "yandex_compute_instance.vm-1",
            "yandex_compute_instance.vm-2",
            "yandex_compute_instance.zabbix-server",
            "yandex_vpc_gateway.nat_gateway",
            "yandex_vpc_network.network-1",
            "yandex_vpc_route_table.rt",
            "yandex_vpc_security_group.alb-sg",
            "yandex_vpc_security_group.bastion-sg",
            "yandex_vpc_security_group.egress-sg",
            "yandex_vpc_security_group.ssh-sg",
            "yandex_vpc_security_group.web-sg",
            "yandex_vpc_security_group.zabbix-server-sg",
            "yandex_vpc_security_group.zabbix-sg",
            "yandex_vpc_subnet.subnet-1",
            "yandex_vpc_subnet.subnet-2"
          ]
        }
      ]
    },
    {
      "mode": "managed",
      "type": "local_file",
      "name": "web-conf",
      "provider": "provider[\"registry.terraform.io/hashicorp/local\"]",
      "instances": [
        {
          "schema_version": 0,
          "attributes": {
            "content": "server {\n        listen 80;\n        server_name 158.160.43.128;\n        index index.html;\n        location / {\n                root /var/www;\n        }\n}\n",
            "content_base64": null,
            "content_base64sha256": "4v/NxTi1VqzfSiXx4ucZ2LSDdhkGtsu6pOA6tRdRmuY=",
            "content_base64sha512": "sO3lm/4aOByzYTysPynG9ajiIsy1vHb+LqDIJmkJU8igjFihAPQeZTTF+gslsxRat2XWAziBMN4UHXi/mrF+XQ==",
            "content_md5": "97ecc73c0ad7234d150345b60a9e5e7a",
            "content_sha1": "3cb623086614422f3140bb8b8de91d7b61b77655",
            "content_sha256": "e2ffcdc538b556acdf4a25f1e2e719d8b483761906b6cbbaa4e03ab517519ae6",
            "content_sha512": "b0ede59bfe1a381cb3613cac3f29c6f5a8e222ccb5bc76fe2ea0c826690953c8a08c58a100f41e6534c5fa0b25b3145ab765d603388130de141d78bf9ab17e5d",
            "directory_permission": "0777",
            "file_permission": "0777",
            "filename": "./../ansible/nginx/web.conf",
            "id": "3cb623086614422f3140bb8b8de91d7b61b77655",
            "sensitive_content": null,
            "source": null
          },
          "sensitive_attributes": [],
          "dependencies": [
            "yandex_alb_http_router.router-1",
            "yandex_alb_load_balancer.alb-1",
            "yandex_vpc_network.network-1",
            "yandex_vpc_security_group.alb-sg",
            "yandex_vpc_security_group.egress-sg",
            "yandex_vpc_subnet.subnet-2"
          ]
        }
      ]
    },
    {
      "mode": "managed",
      "type": "local_file",
      "name": "zabbix-agent2-conf",
      "provider": "provider[\"registry.terraform.io/hashicorp/local\"]",
      "instances": [
        {
          "schema_version": 0,
          "attributes": {
            "content": "PidFile=/var/run/zabbix/zabbix_agent2.pid\nLogFile=/var/log/zabbix/zabbix_agent2.log\nLogFileSize=0\nServer=127.0.0.1, 192.168.11.30\nServerActive=127.0.0.1, 192.168.11.30\nHostname=Zabbix server\nInclude=/etc/zabbix/zabbix_agent2.d/*.conf\nPluginSocket=/run/zabbix/agent.plugin.sock\nControlSocket=/run/zabbix/agent.sock\nInclude=./zabbix_agent2.d/plugins.d/*.conf\n",
            "content_base64": null,
            "content_base64sha256": "6ikU2nKF0MBDbYZQZzsP1j2+JDYGI5JLb/jgkxqrOUc=",
            "content_base64sha512": "hIlab3R0iwWUmpoQ8sNwdT0jbHE3EPteUIMh0Q5SV0gforJ9Gipiccvi9q14ySRdPxR0vVOFt5AXOJ0T83k4fw==",
            "content_md5": "dc436e9cdfd181dfc5f51dfb2a148da1",
            "content_sha1": "a7c0f259337bcb2d5ad30b08541d659625f359ff",
            "content_sha256": "ea2914da7285d0c0436d8650673b0fd63dbe24360623924b6ff8e0931aab3947",
            "content_sha512": "84895a6f74748b05949a9a10f2c370753d236c713710fb5e508321d10e5257481fa2b27d1a2a6271cbe2f6ad78c9245d3f1474bd5385b79017389d13f379387f",
            "directory_permission": "0777",
            "file_permission": "0777",
            "filename": "./../ansible/roles/zabbix_agent2/files/zabbix_agent2.conf",
            "id": "a7c0f259337bcb2d5ad30b08541d659625f359ff",
            "sensitive_content": null,
            "source": null
          },
          "sensitive_attributes": [],
          "dependencies": [
            "yandex_compute_instance.zabbix-server",
            "yandex_vpc_gateway.nat_gateway",
            "yandex_vpc_network.network-1",
            "yandex_vpc_route_table.rt",
            "yandex_vpc_security_group.bastion-sg",
            "yandex_vpc_security_group.egress-sg",
            "yandex_vpc_security_group.ssh-sg",
            "yandex_vpc_security_group.zabbix-server-sg",
            "yandex_vpc_subnet.subnet-1",
            "yandex_vpc_subnet.subnet-2"
          ]
        }
      ]
    },
    {
      "mode": "managed",
      "type": "local_file",
      "name": "zabbix-nginx-conf",
      "provider": "provider[\"registry.terraform.io/hashicorp/local\"]",
      "instances": [
        {
          "schema_version": 0,
          "attributes": {
            "content": "server {\n        listen          80;\n        server_name     158.160.54.221;\n\n        root    /usr/share/zabbix;\n\n        index   index.php;\n\n        location = /favicon.ico {\n                log_not_found   off;\n        }\n\n        location / {\n                try_files       $uri $uri/ =404;\n        }\n\n        location /assets {\n                access_log      off;\n                expires         10d;\n        }\n\n        location ~ /\\.ht {\n                deny            all;\n        }\n\n        location ~ /(api\\/|conf[^\\.]|include|locale) {\n                deny            all;\n                return          404;\n        }\n\n        location /vendor {\n                deny            all;\n                return          404;\n        }\n\n        location ~ [^/]\\.php(/|$) {\n                fastcgi_pass    unix:/var/run/php/zabbix.sock;\n                fastcgi_split_path_info ^(.+\\.php)(/.+)$;\n                fastcgi_index   index.php;\n\n                fastcgi_param   DOCUMENT_ROOT   /usr/share/zabbix;\n                fastcgi_param   SCRIPT_FILENAME /usr/share/zabbix$fastcgi_script_name;\n                fastcgi_param   PATH_TRANSLATED /usr/share/zabbix$fastcgi_script_name;\n\n                include fastcgi_params;\n                fastcgi_param   QUERY_STRING    $query_string;\n                fastcgi_param   REQUEST_METHOD  $request_method;\n                fastcgi_param   CONTENT_TYPE    $content_type;\n                fastcgi_param   CONTENT_LENGTH  $content_length;\n\n                fastcgi_intercept_errors        on;\n                fastcgi_ignore_client_abort     off;\n                fastcgi_connect_timeout         60;\n                fastcgi_send_timeout            180;\n                fastcgi_read_timeout            180;\n                fastcgi_buffer_size             128k;\n                fastcgi_buffers                 4 256k;\n                fastcgi_busy_buffers_size       256k;\n                fastcgi_temp_file_write_size    256k;\n        }\n}\n",
            "content_base64": null,
            "content_base64sha256": "W6MBAFFyoDMsgUjzUxY5i7PAY8XMOSgJNecgRi1uFjA=",
            "content_base64sha512": "NNsQNLtooEyhFQsqRddBIZivvHM5OylArVXmpxyKnLGi1Oi4gVkSoGQgXJPbQiP/NWdgWP1NLvIvplGKzd3ejA==",
            "content_md5": "ac5e70674f09f7086d04d20b02946a75",
            "content_sha1": "cc8559392c45fa217036613760ef6d8fc07c1323",
            "content_sha256": "5ba301005172a0332c8148f35316398bb3c063c5cc39280935e720462d6e1630",
            "content_sha512": "34db1034bb68a04ca1150b2a45d7412198afbc73393b2940ad55e6a71c8a9cb1a2d4e8b8815912a064205c93db4223ff35676058fd4d2ef22fa6518acdddde8c",
            "directory_permission": "0777",
            "file_permission": "0777",
            "filename": "./../ansible/roles/zabbix_server/templates/nginx.conf.j2",
            "id": "cc8559392c45fa217036613760ef6d8fc07c1323",
            "sensitive_content": null,
            "source": null
          },
          "sensitive_attributes": [],
          "dependencies": [
            "yandex_compute_instance.zabbix-server",
            "yandex_vpc_gateway.nat_gateway",
            "yandex_vpc_network.network-1",
            "yandex_vpc_route_table.rt",
            "yandex_vpc_security_group.bastion-sg",
            "yandex_vpc_security_group.egress-sg",
            "yandex_vpc_security_group.ssh-sg",
            "yandex_vpc_security_group.zabbix-server-sg",
            "yandex_vpc_subnet.subnet-1",
            "yandex_vpc_subnet.subnet-2"
          ]
        }
      ]
    },
    {
      "mode": "managed",
      "type": "yandex_alb_backend_group",
      "name": "bg-1",
      "provider": "provider[\"registry.terraform.io/yandex-cloud/yandex\"]",
      "instances": [
        {
          "schema_version": 0,
          "attributes": {
            "created_at": "2023-09-10T19:03:46Z",
            "description": "",
            "folder_id": "b1g3qp4v82uf78n684iu",
            "grpc_backend": [],
            "http_backend": [
              {
                "healthcheck": [
                  {
                    "grpc_healthcheck": [],
                    "healthcheck_port": 0,
                    "healthy_threshold": 10,
                    "http_healthcheck": [
                      {
                        "host": "",
                        "http2": false,
                        "path": "/"
                      }
                    ],
                    "interval": "2s",
                    "interval_jitter_percent": 0,
                    "stream_healthcheck": [],
                    "timeout": "10s",
                    "unhealthy_threshold": 15
                  }
                ],
                "http2": false,
                "load_balancing_config": [
                  {
                    "locality_aware_routing_percent": 0,
                    "mode": "ROUND_ROBIN",
                    "panic_threshold": 90,
                    "strict_locality": false
                  }
                ],
                "name": "backend-1",
                "port": 80,
                "storage_bucket": "",
                "target_group_ids": [
                  "ds7l2edcmub9flqcs0h3"
                ],
                "tls": [],
                "weight": 1
              }
            ],
            "id": "ds7sht5oo86hpqvbelho",
            "labels": {},
            "name": "bg-1",
            "session_affinity": [
              {
                "connection": [
                  {
                    "source_ip": true
                  }
                ],
                "cookie": [],
                "header": []
              }
            ],
            "stream_backend": [],
            "timeouts": null
          },
          "sensitive_attributes": [],
          "private": "eyJlMmJmYjczMC1lY2FhLTExZTYtOGY4OC0zNDM2M2JjN2M0YzAiOnsiY3JlYXRlIjozMDAwMDAwMDAwMDAsImRlbGV0ZSI6MzAwMDAwMDAwMDAwLCJ1cGRhdGUiOjMwMDAwMDAwMDAwMH19",
          "dependencies": [
            "yandex_alb_target_group.tg-1",
            "yandex_compute_instance.vm-1",
            "yandex_compute_instance.vm-2",
            "yandex_vpc_gateway.nat_gateway",
            "yandex_vpc_network.network-1",
            "yandex_vpc_route_table.rt",
            "yandex_vpc_security_group.alb-sg",
            "yandex_vpc_security_group.bastion-sg",
            "yandex_vpc_security_group.egress-sg",
            "yandex_vpc_security_group.ssh-sg",
            "yandex_vpc_security_group.web-sg",
            "yandex_vpc_security_group.zabbix-server-sg",
            "yandex_vpc_security_group.zabbix-sg",
            "yandex_vpc_subnet.subnet-1",
            "yandex_vpc_subnet.subnet-2"
          ]
        }
      ]
    },
    {
      "mode": "managed",
      "type": "yandex_alb_http_router",
      "name": "router-1",
      "provider": "provider[\"registry.terraform.io/yandex-cloud/yandex\"]",
      "instances": [
        {
          "schema_version": 0,
          "attributes": {
            "created_at": "2023-09-10T19:02:57Z",
            "description": "",
            "folder_id": "b1g3qp4v82uf78n684iu",
            "id": "ds7te6hthccv5rr3apj7",
            "labels": {},
            "name": "router-1",
            "route_options": [],
            "timeouts": null
          },
          "sensitive_attributes": [],
          "private": "eyJlMmJmYjczMC1lY2FhLTExZTYtOGY4OC0zNDM2M2JjN2M0YzAiOnsiY3JlYXRlIjozMDAwMDAwMDAwMDAsImRlbGV0ZSI6MzAwMDAwMDAwMDAwLCJ1cGRhdGUiOjMwMDAwMDAwMDAwMH19"
        }
      ]
    },
    {
      "mode": "managed",
      "type": "yandex_alb_load_balancer",
      "name": "alb-1",
      "provider": "provider[\"registry.terraform.io/yandex-cloud/yandex\"]",
      "instances": [
        {
          "schema_version": 0,
          "attributes": {
            "allocation_policy": [
              {
                "location": [
                  {
                    "disable_traffic": false,
                    "subnet_id": "e9boihfpl82moe8kob5r",
                    "zone_id": "ru-central1-a"
                  }
                ]
              }
            ],
            "created_at": "2023-09-10T19:03:02Z",
            "description": "",
            "folder_id": "b1g3qp4v82uf78n684iu",
            "id": "ds7c3v2k8o29mrtb60cm",
            "labels": {},
            "listener": [
              {
                "endpoint": [
                  {
                    "address": [
                      {
                        "external_ipv4_address": [
                          {
                            "address": "158.160.43.128"
                          }
                        ],
                        "external_ipv6_address": [],
                        "internal_ipv4_address": []
                      }
                    ],
                    "ports": [
                      80
                    ]
                  }
                ],
                "http": [
                  {
                    "handler": [
                      {
                        "allow_http10": false,
                        "http2_options": [],
                        "http_router_id": "ds7te6hthccv5rr3apj7",
                        "rewrite_request_id": false
                      }
                    ],
                    "redirects": []
                  }
                ],
                "name": "listener-1",
                "stream": [],
                "tls": []
              }
            ],
            "log_group_id": "ckg8kl5r3pfgj1lq9kkr",
            "log_options": [],
            "name": "alb-1",
            "network_id": "enp4tleasi39v5kvsu01",
            "region_id": "",
            "security_group_ids": [
              "enp5mcfe82rnf3hj1p0n",
              "enpd1t60gp605nldhm8v"
            ],
            "status": "active",
            "timeouts": null
          },
          "sensitive_attributes": [],
          "private": "eyJlMmJmYjczMC1lY2FhLTExZTYtOGY4OC0zNDM2M2JjN2M0YzAiOnsiY3JlYXRlIjo2MDAwMDAwMDAwMDAsImRlbGV0ZSI6NjAwMDAwMDAwMDAwLCJ1cGRhdGUiOjYwMDAwMDAwMDAwMH19",
          "dependencies": [
            "yandex_alb_http_router.router-1",
            "yandex_vpc_network.network-1",
            "yandex_vpc_security_group.alb-sg",
            "yandex_vpc_security_group.egress-sg",
            "yandex_vpc_subnet.subnet-2"
          ]
        }
      ]
    },
    {
      "mode": "managed",
      "type": "yandex_alb_target_group",
      "name": "tg-1",
      "provider": "provider[\"registry.terraform.io/yandex-cloud/yandex\"]",
      "instances": [
        {
          "schema_version": 0,
          "attributes": {
            "created_at": "2023-09-10T19:03:46Z",
            "description": "",
            "folder_id": "b1g3qp4v82uf78n684iu",
            "id": "ds7l2edcmub9flqcs0h3",
            "labels": {},
            "name": "tg-1",
            "target": [
              {
                "ip_address": "192.168.10.25",
                "private_ipv4_address": false,
                "subnet_id": "e9b2thdn0tqhffjivlmh"
              },
              {
                "ip_address": "192.168.10.33",
                "private_ipv4_address": false,
                "subnet_id": "e9b2thdn0tqhffjivlmh"
              }
            ],
            "timeouts": null
          },
          "sensitive_attributes": [],
          "private": "eyJlMmJmYjczMC1lY2FhLTExZTYtOGY4OC0zNDM2M2JjN2M0YzAiOnsiY3JlYXRlIjozMDAwMDAwMDAwMDAsImRlbGV0ZSI6MzAwMDAwMDAwMDAwLCJ1cGRhdGUiOjMwMDAwMDAwMDAwMH19",
          "dependencies": [
            "yandex_compute_instance.vm-1",
            "yandex_compute_instance.vm-2",
            "yandex_vpc_gateway.nat_gateway",
            "yandex_vpc_network.network-1",
            "yandex_vpc_route_table.rt",
            "yandex_vpc_security_group.alb-sg",
            "yandex_vpc_security_group.bastion-sg",
            "yandex_vpc_security_group.egress-sg",
            "yandex_vpc_security_group.ssh-sg",
            "yandex_vpc_security_group.web-sg",
            "yandex_vpc_security_group.zabbix-server-sg",
            "yandex_vpc_security_group.zabbix-sg",
            "yandex_vpc_subnet.subnet-1",
            "yandex_vpc_subnet.subnet-2"
          ]
        }
      ]
    },
    {
      "mode": "managed",
      "type": "yandex_alb_virtual_host",
      "name": "vh-1",
      "provider": "provider[\"registry.terraform.io/yandex-cloud/yandex\"]",
      "instances": [
        {
          "schema_version": 0,
          "attributes": {
            "authority": [],
            "http_router_id": "ds7te6hthccv5rr3apj7",
            "id": "ds7te6hthccv5rr3apj7/vh-1",
            "modify_request_headers": [],
            "modify_response_headers": [],
            "name": "vh-1",
            "route": [
              {
                "grpc_route": [],
                "http_route": [
                  {
                    "direct_response_action": [],
                    "http_match": [],
                    "http_route_action": [
                      {
                        "auto_host_rewrite": false,
                        "backend_group_id": "ds7sht5oo86hpqvbelho",
                        "host_rewrite": "",
                        "idle_timeout": "",
                        "prefix_rewrite": "",
                        "timeout": "1m0s",
                        "upgrade_types": []
                      }
                    ],
                    "redirect_action": []
                  }
                ],
                "name": "route-1",
                "route_options": []
              }
            ],
            "route_options": [],
            "timeouts": null
          },
          "sensitive_attributes": [],
          "private": "eyJlMmJmYjczMC1lY2FhLTExZTYtOGY4OC0zNDM2M2JjN2M0YzAiOnsiY3JlYXRlIjozMDAwMDAwMDAwMDAsImRlbGV0ZSI6MzAwMDAwMDAwMDAwLCJ1cGRhdGUiOjMwMDAwMDAwMDAwMH19",
          "dependencies": [
            "yandex_alb_backend_group.bg-1",
            "yandex_alb_http_router.router-1",
            "yandex_alb_target_group.tg-1",
            "yandex_compute_instance.vm-1",
            "yandex_compute_instance.vm-2",
            "yandex_vpc_gateway.nat_gateway",
            "yandex_vpc_network.network-1",
            "yandex_vpc_route_table.rt",
            "yandex_vpc_security_group.alb-sg",
            "yandex_vpc_security_group.bastion-sg",
            "yandex_vpc_security_group.egress-sg",
            "yandex_vpc_security_group.ssh-sg",
            "yandex_vpc_security_group.web-sg",
            "yandex_vpc_security_group.zabbix-server-sg",
            "yandex_vpc_security_group.zabbix-sg",
            "yandex_vpc_subnet.subnet-1",
            "yandex_vpc_subnet.subnet-2"
          ]
        }
      ]
    },
    {
      "mode": "managed",
      "type": "yandex_compute_instance",
      "name": "bastion",
      "provider": "provider[\"registry.terraform.io/yandex-cloud/yandex\"]",
      "instances": [
        {
          "schema_version": 1,
          "attributes": {
            "allow_recreate": null,
            "allow_stopping_for_update": true,
            "boot_disk": [
              {
                "auto_delete": true,
                "device_name": "fhmtmtvum566d7ku1pbe",
                "disk_id": "fhmtmtvum566d7ku1pbe",
                "initialize_params": [
                  {
                    "block_size": 4096,
                    "description": "",
                    "image_id": "fd83u9thmahrv9lgedrk",
                    "name": "",
                    "size": 3,
                    "snapshot_id": "",
                    "type": "network-hdd"
                  }
                ],
                "mode": "READ_WRITE"
              }
            ],
            "created_at": "2023-09-10T19:03:09Z",
            "description": "",
            "filesystem": [],
            "folder_id": "b1g3qp4v82uf78n684iu",
            "fqdn": "fhm2st0s2g5v6e42stse.auto.internal",
            "gpu_cluster_id": "",
            "hostname": "",
            "id": "fhm2st0s2g5v6e42stse",
            "labels": {},
            "local_disk": [],
            "metadata": {
              "user-data": "#cloud-config\nusers:\n  - name: user\n    groups: sudo\n    shell: /bin/bash\n    sudo: ['ALL=(ALL) NOPASSWD:ALL']\n    ssh-authorized-keys:\n      - ssh-rsa AAAAB3NzaC1yc2EAAAADAQABAAABgQCS88Naqyr8fvPWcqhK7GAQYipy6TvP1eQIICeRcL2cu4DR2bVqK5iU3Cy4yVuOzNujQcOyuqnUrq+uRksxlKY1O7fjxc4LhypScGnQPkFsIjeRmM3DdhrskCvu0LPRclOVfki8uMhIFF6XB+HAsjHxgDJawGd8nQ8FQC0mK+4vcSoHWnfkxTaY0kCTp/3Gt2/BZIaTdF4BNG1Arhcv4W1l4kED9sKPwBZ3lkPw72qi9n1dmPvSAqT71je1Lyh4Hh2JxmOaaCppiYKYWn64TY8aCu7xwbJ3L2C8P5Y2wbIxQxjYBTDAx6cH7mnqv+x4sEGk499crnmBEEF8/37+tzESUGDKawg65NIIJyjNHeI/59fW9t+2mxjytgXQYhyHZ6DzHG9Qiy5lMZvQQ50aKzQDKnNVUaBrwXPTzbQxpHWGSi9qDOeYYP9wGyjelfKUnF0Zk38J9RDH5gkTULQWB/Z5JkbkAAZNM+VC3WKJiDij6t+pi/bfthp5rlkfJlwHREM= belov@diplom\n\n"
            },
            "metadata_options": [
              {
                "aws_v1_http_endpoint": 1,
                "aws_v1_http_token": 2,
                "gce_http_endpoint": 1,
                "gce_http_token": 1
              }
            ],
            "name": "bastion",
            "network_acceleration_type": "standard",
            "network_interface": [
              {
                "dns_record": [],
                "index": 0,
                "ip_address": "192.168.11.32",
                "ipv4": true,
                "ipv6": false,
                "ipv6_address": "",
                "ipv6_dns_record": [],
                "mac_address": "d0:0d:2e:74:1c:14",
                "nat": true,
                "nat_dns_record": [],
                "nat_ip_address": "158.160.34.156",
                "nat_ip_version": "IPV4",
                "security_group_ids": [
                  "enp5mcfe82rnf3hj1p0n",
                  "enpgg333t93ln5km6qop",
                  "enpnbs80gsl0togsu8k5"
                ],
                "subnet_id": "e9boihfpl82moe8kob5r"
              }
            ],
            "placement_policy": [
              {
                "host_affinity_rules": [],
                "placement_group_id": ""
              }
            ],
            "platform_id": "standard-v1",
            "resources": [
              {
                "core_fraction": 5,
                "cores": 2,
                "gpus": 0,
                "memory": 2
              }
            ],
            "scheduling_policy": [
              {
                "preemptible": true
              }
            ],
            "secondary_disk": [],
            "service_account_id": "",
            "status": "running",
            "timeouts": null,
            "zone": "ru-central1-a"
          },
          "sensitive_attributes": [],
          "private": "eyJlMmJmYjczMC1lY2FhLTExZTYtOGY4OC0zNDM2M2JjN2M0YzAiOnsiY3JlYXRlIjozMDAwMDAwMDAwMDAsImRlbGV0ZSI6MzAwMDAwMDAwMDAwLCJ1cGRhdGUiOjMwMDAwMDAwMDAwMH0sInNjaGVtYV92ZXJzaW9uIjoiMSJ9",
          "dependencies": [
            "yandex_vpc_gateway.nat_gateway",
            "yandex_vpc_network.network-1",
            "yandex_vpc_route_table.rt",
            "yandex_vpc_security_group.bastion-sg",
            "yandex_vpc_security_group.egress-sg",
            "yandex_vpc_security_group.zabbix-server-sg",
            "yandex_vpc_security_group.zabbix-sg",
            "yandex_vpc_subnet.subnet-1",
            "yandex_vpc_subnet.subnet-2"
          ]
        }
      ]
    },
    {
      "mode": "managed",
      "type": "yandex_compute_instance",
      "name": "elasticsearch",
      "provider": "provider[\"registry.terraform.io/yandex-cloud/yandex\"]",
      "instances": [
        {
          "schema_version": 1,
          "attributes": {
            "allow_recreate": null,
            "allow_stopping_for_update": null,
            "boot_disk": [
              {
                "auto_delete": true,
                "device_name": "fhmrqa8d4bvmf31joqf9",
                "disk_id": "fhmrqa8d4bvmf31joqf9",
                "initialize_params": [
                  {
                    "block_size": 4096,
                    "description": "",
                    "image_id": "fd83u9thmahrv9lgedrk",
                    "name": "",
                    "size": 3,
                    "snapshot_id": "",
                    "type": "network-hdd"
                  }
                ],
                "mode": "READ_WRITE"
              }
            ],
            "created_at": "2023-09-10T19:03:09Z",
            "description": "",
            "filesystem": [],
            "folder_id": "b1g3qp4v82uf78n684iu",
            "fqdn": "fhmru2olha5r2jjheqih.auto.internal",
            "gpu_cluster_id": "",
            "hostname": "",
            "id": "fhmru2olha5r2jjheqih",
            "labels": {},
            "local_disk": [],
            "metadata": {
              "user-data": "#cloud-config\nusers:\n  - name: user\n    groups: sudo\n    shell: /bin/bash\n    sudo: ['ALL=(ALL) NOPASSWD:ALL']\n    ssh-authorized-keys:\n      - ssh-rsa AAAAB3NzaC1yc2EAAAADAQABAAABgQCS88Naqyr8fvPWcqhK7GAQYipy6TvP1eQIICeRcL2cu4DR2bVqK5iU3Cy4yVuOzNujQcOyuqnUrq+uRksxlKY1O7fjxc4LhypScGnQPkFsIjeRmM3DdhrskCvu0LPRclOVfki8uMhIFF6XB+HAsjHxgDJawGd8nQ8FQC0mK+4vcSoHWnfkxTaY0kCTp/3Gt2/BZIaTdF4BNG1Arhcv4W1l4kED9sKPwBZ3lkPw72qi9n1dmPvSAqT71je1Lyh4Hh2JxmOaaCppiYKYWn64TY8aCu7xwbJ3L2C8P5Y2wbIxQxjYBTDAx6cH7mnqv+x4sEGk499crnmBEEF8/37+tzESUGDKawg65NIIJyjNHeI/59fW9t+2mxjytgXQYhyHZ6DzHG9Qiy5lMZvQQ50aKzQDKnNVUaBrwXPTzbQxpHWGSi9qDOeYYP9wGyjelfKUnF0Zk38J9RDH5gkTULQWB/Z5JkbkAAZNM+VC3WKJiDij6t+pi/bfthp5rlkfJlwHREM= belov@diplom\n\n"
            },
            "metadata_options": [
              {
                "aws_v1_http_endpoint": 1,
                "aws_v1_http_token": 2,
                "gce_http_endpoint": 1,
                "gce_http_token": 1
              }
            ],
            "name": "elasticsearch",
            "network_acceleration_type": "standard",
            "network_interface": [
              {
                "dns_record": [],
                "index": 0,
                "ip_address": "192.168.10.18",
                "ipv4": true,
                "ipv6": false,
                "ipv6_address": "",
                "ipv6_dns_record": [],
                "mac_address": "d0:0d:1b:f0:b1:58",
                "nat": false,
                "nat_dns_record": [],
                "nat_ip_address": "",
                "nat_ip_version": "",
                "security_group_ids": [
                  "enp3a46a9olk51umad7o",
                  "enp5mcfe82rnf3hj1p0n",
                  "enpgg333t93ln5km6qop"
                ],
                "subnet_id": "e9b2thdn0tqhffjivlmh"
              }
            ],
            "placement_policy": [
              {
                "host_affinity_rules": [],
                "placement_group_id": ""
              }
            ],
            "platform_id": "standard-v1",
            "resources": [
              {
                "core_fraction": 20,
                "cores": 2,
                "gpus": 0,
                "memory": 2
              }
            ],
            "scheduling_policy": [
              {
                "preemptible": true
              }
            ],
            "secondary_disk": [],
            "service_account_id": "",
            "status": "running",
            "timeouts": null,
            "zone": "ru-central1-a"
          },
          "sensitive_attributes": [],
          "private": "eyJlMmJmYjczMC1lY2FhLTExZTYtOGY4OC0zNDM2M2JjN2M0YzAiOnsiY3JlYXRlIjozMDAwMDAwMDAwMDAsImRlbGV0ZSI6MzAwMDAwMDAwMDAwLCJ1cGRhdGUiOjMwMDAwMDAwMDAwMH0sInNjaGVtYV92ZXJzaW9uIjoiMSJ9",
          "dependencies": [
            "yandex_vpc_gateway.nat_gateway",
            "yandex_vpc_network.network-1",
            "yandex_vpc_route_table.rt",
            "yandex_vpc_security_group.bastion-sg",
            "yandex_vpc_security_group.egress-sg",
            "yandex_vpc_security_group.ssh-sg",
            "yandex_vpc_security_group.zabbix-server-sg",
            "yandex_vpc_security_group.zabbix-sg",
            "yandex_vpc_subnet.subnet-1",
            "yandex_vpc_subnet.subnet-2"
          ]
        }
      ]
    },
    {
      "mode": "managed",
      "type": "yandex_compute_instance",
      "name": "kibana",
      "provider": "provider[\"registry.terraform.io/yandex-cloud/yandex\"]",
      "instances": [
        {
          "schema_version": 1,
          "attributes": {
            "allow_recreate": null,
            "allow_stopping_for_update": null,
            "boot_disk": [
              {
                "auto_delete": true,
                "device_name": "fhm7qgf1ie80pf3svk7v",
                "disk_id": "fhm7qgf1ie80pf3svk7v",
                "initialize_params": [
                  {
                    "block_size": 4096,
                    "description": "",
                    "image_id": "fd83u9thmahrv9lgedrk",
                    "name": "",
                    "size": 3,
                    "snapshot_id": "",
                    "type": "network-hdd"
                  }
                ],
                "mode": "READ_WRITE"
              }
            ],
            "created_at": "2023-09-10T19:03:09Z",
            "description": "",
            "filesystem": [],
            "folder_id": "b1g3qp4v82uf78n684iu",
            "fqdn": "fhm7puk8kpmioqfahgpf.auto.internal",
            "gpu_cluster_id": "",
            "hostname": "",
            "id": "fhm7puk8kpmioqfahgpf",
            "labels": {},
            "local_disk": [],
            "metadata": {
              "user-data": "#cloud-config\nusers:\n  - name: user\n    groups: sudo\n    shell: /bin/bash\n    sudo: ['ALL=(ALL) NOPASSWD:ALL']\n    ssh-authorized-keys:\n      - ssh-rsa AAAAB3NzaC1yc2EAAAADAQABAAABgQCS88Naqyr8fvPWcqhK7GAQYipy6TvP1eQIICeRcL2cu4DR2bVqK5iU3Cy4yVuOzNujQcOyuqnUrq+uRksxlKY1O7fjxc4LhypScGnQPkFsIjeRmM3DdhrskCvu0LPRclOVfki8uMhIFF6XB+HAsjHxgDJawGd8nQ8FQC0mK+4vcSoHWnfkxTaY0kCTp/3Gt2/BZIaTdF4BNG1Arhcv4W1l4kED9sKPwBZ3lkPw72qi9n1dmPvSAqT71je1Lyh4Hh2JxmOaaCppiYKYWn64TY8aCu7xwbJ3L2C8P5Y2wbIxQxjYBTDAx6cH7mnqv+x4sEGk499crnmBEEF8/37+tzESUGDKawg65NIIJyjNHeI/59fW9t+2mxjytgXQYhyHZ6DzHG9Qiy5lMZvQQ50aKzQDKnNVUaBrwXPTzbQxpHWGSi9qDOeYYP9wGyjelfKUnF0Zk38J9RDH5gkTULQWB/Z5JkbkAAZNM+VC3WKJiDij6t+pi/bfthp5rlkfJlwHREM= belov@diplom\n\n"
            },
            "metadata_options": [
              {
                "aws_v1_http_endpoint": 1,
                "aws_v1_http_token": 2,
                "gce_http_endpoint": 1,
                "gce_http_token": 1
              }
            ],
            "name": "kibana",
            "network_acceleration_type": "standard",
            "network_interface": [
              {
                "dns_record": [],
                "index": 0,
                "ip_address": "192.168.11.13",
                "ipv4": true,
                "ipv6": false,
                "ipv6_address": "",
                "ipv6_dns_record": [],
                "mac_address": "d0:0d:7c:fa:88:a6",
                "nat": true,
                "nat_dns_record": [],
                "nat_ip_address": "84.201.173.122",
                "nat_ip_version": "IPV4",
                "security_group_ids": [
                  "enp3a46a9olk51umad7o",
                  "enp5mcfe82rnf3hj1p0n",
                  "enpgg333t93ln5km6qop"
                ],
                "subnet_id": "e9boihfpl82moe8kob5r"
              }
            ],
            "placement_policy": [
              {
                "host_affinity_rules": [],
                "placement_group_id": ""
              }
            ],
            "platform_id": "standard-v1",
            "resources": [
              {
                "core_fraction": 20,
                "cores": 2,
                "gpus": 0,
                "memory": 2
              }
            ],
            "scheduling_policy": [
              {
                "preemptible": true
              }
            ],
            "secondary_disk": [],
            "service_account_id": "",
            "status": "running",
            "timeouts": null,
            "zone": "ru-central1-a"
          },
          "sensitive_attributes": [],
          "private": "eyJlMmJmYjczMC1lY2FhLTExZTYtOGY4OC0zNDM2M2JjN2M0YzAiOnsiY3JlYXRlIjozMDAwMDAwMDAwMDAsImRlbGV0ZSI6MzAwMDAwMDAwMDAwLCJ1cGRhdGUiOjMwMDAwMDAwMDAwMH0sInNjaGVtYV92ZXJzaW9uIjoiMSJ9",
          "dependencies": [
            "yandex_vpc_gateway.nat_gateway",
            "yandex_vpc_network.network-1",
            "yandex_vpc_route_table.rt",
            "yandex_vpc_security_group.bastion-sg",
            "yandex_vpc_security_group.egress-sg",
            "yandex_vpc_security_group.ssh-sg",
            "yandex_vpc_security_group.zabbix-server-sg",
            "yandex_vpc_security_group.zabbix-sg",
            "yandex_vpc_subnet.subnet-1",
            "yandex_vpc_subnet.subnet-2"
          ]
        }
      ]
    },
    {
      "mode": "managed",
      "type": "yandex_compute_instance",
      "name": "vm-1",
      "provider": "provider[\"registry.terraform.io/yandex-cloud/yandex\"]",
      "instances": [
        {
          "schema_version": 1,
          "attributes": {
            "allow_recreate": null,
            "allow_stopping_for_update": null,
            "boot_disk": [
              {
                "auto_delete": true,
                "device_name": "fhmtis9c6et8921e0708",
                "disk_id": "fhmtis9c6et8921e0708",
                "initialize_params": [
                  {
                    "block_size": 4096,
                    "description": "",
                    "image_id": "fd83u9thmahrv9lgedrk",
                    "name": "",
                    "size": 3,
                    "snapshot_id": "",
                    "type": "network-hdd"
                  }
                ],
                "mode": "READ_WRITE"
              }
            ],
            "created_at": "2023-09-10T19:03:09Z",
            "description": "",
            "filesystem": [],
            "folder_id": "b1g3qp4v82uf78n684iu",
            "fqdn": "fhmh8ugoq82ksrh8a7gn.auto.internal",
            "gpu_cluster_id": "",
            "hostname": "",
            "id": "fhmh8ugoq82ksrh8a7gn",
            "labels": {},
            "local_disk": [],
            "metadata": {
              "user-data": "#cloud-config\nusers:\n  - name: user\n    groups: sudo\n    shell: /bin/bash\n    sudo: ['ALL=(ALL) NOPASSWD:ALL']\n    ssh-authorized-keys:\n      - ssh-rsa AAAAB3NzaC1yc2EAAAADAQABAAABgQCS88Naqyr8fvPWcqhK7GAQYipy6TvP1eQIICeRcL2cu4DR2bVqK5iU3Cy4yVuOzNujQcOyuqnUrq+uRksxlKY1O7fjxc4LhypScGnQPkFsIjeRmM3DdhrskCvu0LPRclOVfki8uMhIFF6XB+HAsjHxgDJawGd8nQ8FQC0mK+4vcSoHWnfkxTaY0kCTp/3Gt2/BZIaTdF4BNG1Arhcv4W1l4kED9sKPwBZ3lkPw72qi9n1dmPvSAqT71je1Lyh4Hh2JxmOaaCppiYKYWn64TY8aCu7xwbJ3L2C8P5Y2wbIxQxjYBTDAx6cH7mnqv+x4sEGk499crnmBEEF8/37+tzESUGDKawg65NIIJyjNHeI/59fW9t+2mxjytgXQYhyHZ6DzHG9Qiy5lMZvQQ50aKzQDKnNVUaBrwXPTzbQxpHWGSi9qDOeYYP9wGyjelfKUnF0Zk38J9RDH5gkTULQWB/Z5JkbkAAZNM+VC3WKJiDij6t+pi/bfthp5rlkfJlwHREM= belov@diplom\n\n"
            },
            "metadata_options": [
              {
                "aws_v1_http_endpoint": 1,
                "aws_v1_http_token": 2,
                "gce_http_endpoint": 1,
                "gce_http_token": 1
              }
            ],
            "name": "vm-1",
            "network_acceleration_type": "standard",
            "network_interface": [
              {
                "dns_record": [],
                "index": 0,
                "ip_address": "192.168.10.25",
                "ipv4": true,
                "ipv6": false,
                "ipv6_address": "",
                "ipv6_dns_record": [],
                "mac_address": "d0:0d:11:47:a1:8d",
                "nat": false,
                "nat_dns_record": [],
                "nat_ip_address": "",
                "nat_ip_version": "",
                "security_group_ids": [
                  "enp3a46a9olk51umad7o",
                  "enp5mcfe82rnf3hj1p0n",
                  "enp6ru51er2rcigl8ls4",
                  "enpgg333t93ln5km6qop"
                ],
                "subnet_id": "e9b2thdn0tqhffjivlmh"
              }
            ],
            "placement_policy": [
              {
                "host_affinity_rules": [],
                "placement_group_id": ""
              }
            ],
            "platform_id": "standard-v1",
            "resources": [
              {
                "core_fraction": 20,
                "cores": 2,
                "gpus": 0,
                "memory": 2
              }
            ],
            "scheduling_policy": [
              {
                "preemptible": true
              }
            ],
            "secondary_disk": [],
            "service_account_id": "",
            "status": "running",
            "timeouts": null,
            "zone": "ru-central1-a"
          },
          "sensitive_attributes": [],
          "private": "eyJlMmJmYjczMC1lY2FhLTExZTYtOGY4OC0zNDM2M2JjN2M0YzAiOnsiY3JlYXRlIjozMDAwMDAwMDAwMDAsImRlbGV0ZSI6MzAwMDAwMDAwMDAwLCJ1cGRhdGUiOjMwMDAwMDAwMDAwMH0sInNjaGVtYV92ZXJzaW9uIjoiMSJ9",
          "dependencies": [
            "yandex_vpc_gateway.nat_gateway",
            "yandex_vpc_network.network-1",
            "yandex_vpc_route_table.rt",
            "yandex_vpc_security_group.alb-sg",
            "yandex_vpc_security_group.bastion-sg",
            "yandex_vpc_security_group.egress-sg",
            "yandex_vpc_security_group.ssh-sg",
            "yandex_vpc_security_group.web-sg",
            "yandex_vpc_security_group.zabbix-server-sg",
            "yandex_vpc_security_group.zabbix-sg",
            "yandex_vpc_subnet.subnet-1",
            "yandex_vpc_subnet.subnet-2"
          ]
        }
      ]
    },
    {
      "mode": "managed",
      "type": "yandex_compute_instance",
      "name": "vm-2",
      "provider": "provider[\"registry.terraform.io/yandex-cloud/yandex\"]",
      "instances": [
        {
          "schema_version": 1,
          "attributes": {
            "allow_recreate": null,
            "allow_stopping_for_update": null,
            "boot_disk": [
              {
                "auto_delete": true,
                "device_name": "fhm9t84if5ut0n4snul7",
                "disk_id": "fhm9t84if5ut0n4snul7",
                "initialize_params": [
                  {
                    "block_size": 4096,
                    "description": "",
                    "image_id": "fd83u9thmahrv9lgedrk",
                    "name": "",
                    "size": 3,
                    "snapshot_id": "",
                    "type": "network-hdd"
                  }
                ],
                "mode": "READ_WRITE"
              }
            ],
            "created_at": "2023-09-10T19:03:09Z",
            "description": "",
            "filesystem": [],
            "folder_id": "b1g3qp4v82uf78n684iu",
            "fqdn": "fhmahcgk1me4vi8743c7.auto.internal",
            "gpu_cluster_id": "",
            "hostname": "",
            "id": "fhmahcgk1me4vi8743c7",
            "labels": {},
            "local_disk": [],
            "metadata": {
              "user-data": "#cloud-config\nusers:\n  - name: user\n    groups: sudo\n    shell: /bin/bash\n    sudo: ['ALL=(ALL) NOPASSWD:ALL']\n    ssh-authorized-keys:\n      - ssh-rsa AAAAB3NzaC1yc2EAAAADAQABAAABgQCS88Naqyr8fvPWcqhK7GAQYipy6TvP1eQIICeRcL2cu4DR2bVqK5iU3Cy4yVuOzNujQcOyuqnUrq+uRksxlKY1O7fjxc4LhypScGnQPkFsIjeRmM3DdhrskCvu0LPRclOVfki8uMhIFF6XB+HAsjHxgDJawGd8nQ8FQC0mK+4vcSoHWnfkxTaY0kCTp/3Gt2/BZIaTdF4BNG1Arhcv4W1l4kED9sKPwBZ3lkPw72qi9n1dmPvSAqT71je1Lyh4Hh2JxmOaaCppiYKYWn64TY8aCu7xwbJ3L2C8P5Y2wbIxQxjYBTDAx6cH7mnqv+x4sEGk499crnmBEEF8/37+tzESUGDKawg65NIIJyjNHeI/59fW9t+2mxjytgXQYhyHZ6DzHG9Qiy5lMZvQQ50aKzQDKnNVUaBrwXPTzbQxpHWGSi9qDOeYYP9wGyjelfKUnF0Zk38J9RDH5gkTULQWB/Z5JkbkAAZNM+VC3WKJiDij6t+pi/bfthp5rlkfJlwHREM= belov@diplom\n\n"
            },
            "metadata_options": [
              {
                "aws_v1_http_endpoint": 1,
                "aws_v1_http_token": 2,
                "gce_http_endpoint": 1,
                "gce_http_token": 1
              }
            ],
            "name": "vm-2",
            "network_acceleration_type": "standard",
            "network_interface": [
              {
                "dns_record": [],
                "index": 0,
                "ip_address": "192.168.10.33",
                "ipv4": true,
                "ipv6": false,
                "ipv6_address": "",
                "ipv6_dns_record": [],
                "mac_address": "d0:0d:a8:b2:14:0d",
                "nat": false,
                "nat_dns_record": [],
                "nat_ip_address": "",
                "nat_ip_version": "",
                "security_group_ids": [
                  "enp3a46a9olk51umad7o",
                  "enp5mcfe82rnf3hj1p0n",
                  "enp6ru51er2rcigl8ls4",
                  "enpgg333t93ln5km6qop"
                ],
                "subnet_id": "e9b2thdn0tqhffjivlmh"
              }
            ],
            "placement_policy": [
              {
                "host_affinity_rules": [],
                "placement_group_id": ""
              }
            ],
            "platform_id": "standard-v1",
            "resources": [
              {
                "core_fraction": 20,
                "cores": 2,
                "gpus": 0,
                "memory": 2
              }
            ],
            "scheduling_policy": [
              {
                "preemptible": true
              }
            ],
            "secondary_disk": [],
            "service_account_id": "",
            "status": "running",
            "timeouts": null,
            "zone": "ru-central1-a"
          },
          "sensitive_attributes": [],
          "private": "eyJlMmJmYjczMC1lY2FhLTExZTYtOGY4OC0zNDM2M2JjN2M0YzAiOnsiY3JlYXRlIjozMDAwMDAwMDAwMDAsImRlbGV0ZSI6MzAwMDAwMDAwMDAwLCJ1cGRhdGUiOjMwMDAwMDAwMDAwMH0sInNjaGVtYV92ZXJzaW9uIjoiMSJ9",
          "dependencies": [
            "yandex_vpc_gateway.nat_gateway",
            "yandex_vpc_network.network-1",
            "yandex_vpc_route_table.rt",
            "yandex_vpc_security_group.alb-sg",
            "yandex_vpc_security_group.bastion-sg",
            "yandex_vpc_security_group.egress-sg",
            "yandex_vpc_security_group.ssh-sg",
            "yandex_vpc_security_group.web-sg",
            "yandex_vpc_security_group.zabbix-server-sg",
            "yandex_vpc_security_group.zabbix-sg",
            "yandex_vpc_subnet.subnet-1",
            "yandex_vpc_subnet.subnet-2"
          ]
        }
      ]
    },
    {
      "mode": "managed",
      "type": "yandex_compute_instance",
      "name": "zabbix-server",
      "provider": "provider[\"registry.terraform.io/yandex-cloud/yandex\"]",
      "instances": [
        {
          "schema_version": 1,
          "attributes": {
            "allow_recreate": null,
            "allow_stopping_for_update": null,
            "boot_disk": [
              {
                "auto_delete": true,
                "device_name": "fhmakvu3rq51j0rmcj9k",
                "disk_id": "fhmakvu3rq51j0rmcj9k",
                "initialize_params": [
                  {
                    "block_size": 4096,
                    "description": "",
                    "image_id": "fd83u9thmahrv9lgedrk",
                    "name": "",
                    "size": 15,
                    "snapshot_id": "",
                    "type": "network-hdd"
                  }
                ],
                "mode": "READ_WRITE"
              }
            ],
            "created_at": "2023-09-10T19:03:08Z",
            "description": "",
            "filesystem": [],
            "folder_id": "b1g3qp4v82uf78n684iu",
            "fqdn": "fhmfj1of077dhcr3c9dm.auto.internal",
            "gpu_cluster_id": "",
            "hostname": "",
            "id": "fhmfj1of077dhcr3c9dm",
            "labels": {},
            "local_disk": [],
            "metadata": {
              "user-data": "#cloud-config\nusers:\n  - name: user\n    groups: sudo\n    shell: /bin/bash\n    sudo: ['ALL=(ALL) NOPASSWD:ALL']\n    ssh-authorized-keys:\n      - ssh-rsa AAAAB3NzaC1yc2EAAAADAQABAAABgQCS88Naqyr8fvPWcqhK7GAQYipy6TvP1eQIICeRcL2cu4DR2bVqK5iU3Cy4yVuOzNujQcOyuqnUrq+uRksxlKY1O7fjxc4LhypScGnQPkFsIjeRmM3DdhrskCvu0LPRclOVfki8uMhIFF6XB+HAsjHxgDJawGd8nQ8FQC0mK+4vcSoHWnfkxTaY0kCTp/3Gt2/BZIaTdF4BNG1Arhcv4W1l4kED9sKPwBZ3lkPw72qi9n1dmPvSAqT71je1Lyh4Hh2JxmOaaCppiYKYWn64TY8aCu7xwbJ3L2C8P5Y2wbIxQxjYBTDAx6cH7mnqv+x4sEGk499crnmBEEF8/37+tzESUGDKawg65NIIJyjNHeI/59fW9t+2mxjytgXQYhyHZ6DzHG9Qiy5lMZvQQ50aKzQDKnNVUaBrwXPTzbQxpHWGSi9qDOeYYP9wGyjelfKUnF0Zk38J9RDH5gkTULQWB/Z5JkbkAAZNM+VC3WKJiDij6t+pi/bfthp5rlkfJlwHREM= belov@diplom\n\n"
            },
            "metadata_options": [
              {
                "aws_v1_http_endpoint": 1,
                "aws_v1_http_token": 2,
                "gce_http_endpoint": 1,
                "gce_http_token": 1
              }
            ],
            "name": "zabbix-server",
            "network_acceleration_type": "standard",
            "network_interface": [
              {
                "dns_record": [],
                "index": 0,
                "ip_address": "192.168.11.30",
                "ipv4": true,
                "ipv6": false,
                "ipv6_address": "",
                "ipv6_dns_record": [],
                "mac_address": "d0:0d:f9:87:0f:01",
                "nat": true,
                "nat_dns_record": [],
                "nat_ip_address": "158.160.54.221",
                "nat_ip_version": "IPV4",
                "security_group_ids": [
                  "enp3a46a9olk51umad7o",
                  "enp5mcfe82rnf3hj1p0n",
                  "enpo1vqks4kfmr4mnlag"
                ],
                "subnet_id": "e9boihfpl82moe8kob5r"
              }
            ],
            "placement_policy": [
              {
                "host_affinity_rules": [],
                "placement_group_id": ""
              }
            ],
            "platform_id": "standard-v1",
            "resources": [
              {
                "core_fraction": 100,
                "cores": 2,
                "gpus": 0,
                "memory": 2
              }
            ],
            "scheduling_policy": [
              {
                "preemptible": true
              }
            ],
            "secondary_disk": [],
            "service_account_id": "",
            "status": "running",
            "timeouts": null,
            "zone": "ru-central1-a"
          },
          "sensitive_attributes": [],
          "private": "eyJlMmJmYjczMC1lY2FhLTExZTYtOGY4OC0zNDM2M2JjN2M0YzAiOnsiY3JlYXRlIjozMDAwMDAwMDAwMDAsImRlbGV0ZSI6MzAwMDAwMDAwMDAwLCJ1cGRhdGUiOjMwMDAwMDAwMDAwMH0sInNjaGVtYV92ZXJzaW9uIjoiMSJ9",
          "dependencies": [
            "yandex_vpc_gateway.nat_gateway",
            "yandex_vpc_network.network-1",
            "yandex_vpc_route_table.rt",
            "yandex_vpc_security_group.bastion-sg",
            "yandex_vpc_security_group.egress-sg",
            "yandex_vpc_security_group.ssh-sg",
            "yandex_vpc_security_group.zabbix-server-sg",
            "yandex_vpc_subnet.subnet-1",
            "yandex_vpc_subnet.subnet-2"
          ]
        }
      ]
    },
    {
      "mode": "managed",
      "type": "yandex_vpc_gateway",
      "name": "nat_gateway",
      "provider": "provider[\"registry.terraform.io/yandex-cloud/yandex\"]",
      "instances": [
        {
          "schema_version": 0,
          "attributes": {
            "created_at": "2023-09-10T19:02:57Z",
            "description": "",
            "folder_id": "b1g3qp4v82uf78n684iu",
            "id": "enpkq1bhpf7p8mkdrr20",
            "labels": {},
            "name": "nat-gateway",
            "shared_egress_gateway": [
              {}
            ],
            "timeouts": null
          },
          "sensitive_attributes": [],
          "private": "eyJlMmJmYjczMC1lY2FhLTExZTYtOGY4OC0zNDM2M2JjN2M0YzAiOnsiY3JlYXRlIjo2MDAwMDAwMDAwMCwiZGVsZXRlIjo2MDAwMDAwMDAwMCwidXBkYXRlIjo2MDAwMDAwMDAwMH19"
        }
      ]
    },
    {
      "mode": "managed",
      "type": "yandex_vpc_network",
      "name": "network-1",
      "provider": "provider[\"registry.terraform.io/yandex-cloud/yandex\"]",
      "instances": [
        {
          "schema_version": 0,
          "attributes": {
            "created_at": "2023-09-10T19:02:57Z",
            "default_security_group_id": "",
            "description": "",
            "folder_id": "b1g3qp4v82uf78n684iu",
            "id": "enp4tleasi39v5kvsu01",
            "labels": {},
            "name": "network-1",
            "subnet_ids": [
              "e9b2thdn0tqhffjivlmh",
              "e9boihfpl82moe8kob5r"
            ],
            "timeouts": null
          },
          "sensitive_attributes": [],
          "private": "eyJlMmJmYjczMC1lY2FhLTExZTYtOGY4OC0zNDM2M2JjN2M0YzAiOnsiY3JlYXRlIjo2MDAwMDAwMDAwMCwiZGVsZXRlIjo2MDAwMDAwMDAwMCwidXBkYXRlIjo2MDAwMDAwMDAwMH19"
        }
      ]
    },
    {
      "mode": "managed",
      "type": "yandex_vpc_route_table",
      "name": "rt",
      "provider": "provider[\"registry.terraform.io/yandex-cloud/yandex\"]",
      "instances": [
        {
          "schema_version": 0,
          "attributes": {
            "created_at": "2023-09-10T19:02:58Z",
            "description": "",
            "folder_id": "b1g3qp4v82uf78n684iu",
            "id": "enpq4c670i6p96055g7u",
            "labels": {},
            "name": "rt",
            "network_id": "enp4tleasi39v5kvsu01",
            "static_route": [
              {
                "destination_prefix": "0.0.0.0/0",
                "gateway_id": "enpkq1bhpf7p8mkdrr20",
                "next_hop_address": ""
              }
            ],
            "timeouts": null
          },
          "sensitive_attributes": [],
          "private": "eyJlMmJmYjczMC1lY2FhLTExZTYtOGY4OC0zNDM2M2JjN2M0YzAiOnsiY3JlYXRlIjoxODAwMDAwMDAwMDAsImRlbGV0ZSI6MTgwMDAwMDAwMDAwLCJ1cGRhdGUiOjE4MDAwMDAwMDAwMH19",
          "dependencies": [
            "yandex_vpc_gateway.nat_gateway",
            "yandex_vpc_network.network-1"
          ]
        }
      ]
    },
    {
      "mode": "managed",
      "type": "yandex_vpc_security_group",
      "name": "alb-sg",
      "provider": "provider[\"registry.terraform.io/yandex-cloud/yandex\"]",
      "instances": [
        {
          "schema_version": 0,
          "attributes": {
            "created_at": "2023-09-10T19:03:00Z",
            "description": "",
            "egress": [],
            "folder_id": "b1g3qp4v82uf78n684iu",
            "id": "enpd1t60gp605nldhm8v",
            "ingress": [
              {
                "description": "",
                "from_port": -1,
                "id": "enpi2j99rqsskohmjfhj",
                "labels": {},
                "port": 80,
                "predefined_target": "",
                "protocol": "TCP",
                "security_group_id": "",
                "to_port": -1,
                "v4_cidr_blocks": [
                  "0.0.0.0/0"
                ],
                "v6_cidr_blocks": []
              },
              {
                "description": "",
                "from_port": -1,
                "id": "enpoq9h23aujj00s91qg",
                "labels": {},
                "port": 30080,
                "predefined_target": "loadbalancer_healthchecks",
                "protocol": "TCP",
                "security_group_id": "",
                "to_port": -1,
                "v4_cidr_blocks": [],
                "v6_cidr_blocks": []
              }
            ],
            "labels": {},
            "name": "alb-sg",
            "network_id": "enp4tleasi39v5kvsu01",
            "status": "ACTIVE",
            "timeouts": null
          },
          "sensitive_attributes": [],
          "private": "eyJlMmJmYjczMC1lY2FhLTExZTYtOGY4OC0zNDM2M2JjN2M0YzAiOnsiY3JlYXRlIjoxODAwMDAwMDAwMDAsImRlbGV0ZSI6MTgwMDAwMDAwMDAwLCJ1cGRhdGUiOjE4MDAwMDAwMDAwMH19",
          "dependencies": [
            "yandex_vpc_network.network-1"
          ]
        }
      ]
    },
    {
      "mode": "managed",
      "type": "yandex_vpc_security_group",
      "name": "bastion-sg",
      "provider": "provider[\"registry.terraform.io/yandex-cloud/yandex\"]",
      "instances": [
        {
          "schema_version": 0,
          "attributes": {
            "created_at": "2023-09-10T19:02:58Z",
            "description": "",
            "egress": [
              {
                "description": "",
                "from_port": -1,
                "id": "enpcjln4gp4qjt2rsd9u",
                "labels": {},
                "port": 22,
                "predefined_target": "",
                "protocol": "TCP",
                "security_group_id": "",
                "to_port": -1,
                "v4_cidr_blocks": [
                  "0.0.0.0/0"
                ],
                "v6_cidr_blocks": []
              }
            ],
            "folder_id": "b1g3qp4v82uf78n684iu",
            "id": "enpnbs80gsl0togsu8k5",
            "ingress": [
              {
                "description": "",
                "from_port": -1,
                "id": "enphan8vq73qu2qr0270",
                "labels": {},
                "port": 22,
                "predefined_target": "",
                "protocol": "TCP",
                "security_group_id": "",
                "to_port": -1,
                "v4_cidr_blocks": [
                  "0.0.0.0/0"
                ],
                "v6_cidr_blocks": []
              }
            ],
            "labels": {},
            "name": "bastion-sg",
            "network_id": "enp4tleasi39v5kvsu01",
            "status": "ACTIVE",
            "timeouts": null
          },
          "sensitive_attributes": [],
          "private": "eyJlMmJmYjczMC1lY2FhLTExZTYtOGY4OC0zNDM2M2JjN2M0YzAiOnsiY3JlYXRlIjoxODAwMDAwMDAwMDAsImRlbGV0ZSI6MTgwMDAwMDAwMDAwLCJ1cGRhdGUiOjE4MDAwMDAwMDAwMH19",
          "dependencies": [
            "yandex_vpc_network.network-1"
          ]
        }
      ]
    },
    {
      "mode": "managed",
      "type": "yandex_vpc_security_group",
      "name": "egress-sg",
      "provider": "provider[\"registry.terraform.io/yandex-cloud/yandex\"]",
      "instances": [
        {
          "schema_version": 0,
          "attributes": {
            "created_at": "2023-09-10T19:03:01Z",
            "description": "",
            "egress": [
              {
                "description": "",
                "from_port": 0,
                "id": "enp8b6adtev7vnaba55p",
                "labels": {},
                "port": -1,
                "predefined_target": "",
                "protocol": "ANY",
                "security_group_id": "",
                "to_port": 65535,
                "v4_cidr_blocks": [
                  "0.0.0.0/0"
                ],
                "v6_cidr_blocks": []
              }
            ],
            "folder_id": "b1g3qp4v82uf78n684iu",
            "id": "enp5mcfe82rnf3hj1p0n",
            "ingress": [],
            "labels": {},
            "name": "egress-sg",
            "network_id": "enp4tleasi39v5kvsu01",
            "status": "ACTIVE",
            "timeouts": null
          },
          "sensitive_attributes": [],
          "private": "eyJlMmJmYjczMC1lY2FhLTExZTYtOGY4OC0zNDM2M2JjN2M0YzAiOnsiY3JlYXRlIjoxODAwMDAwMDAwMDAsImRlbGV0ZSI6MTgwMDAwMDAwMDAwLCJ1cGRhdGUiOjE4MDAwMDAwMDAwMH19",
          "dependencies": [
            "yandex_vpc_network.network-1"
          ]
        }
      ]
    },
    {
      "mode": "managed",
      "type": "yandex_vpc_security_group",
      "name": "ssh-sg",
      "provider": "provider[\"registry.terraform.io/yandex-cloud/yandex\"]",
      "instances": [
        {
          "schema_version": 0,
          "attributes": {
            "created_at": "2023-09-10T19:03:05Z",
            "description": "",
            "egress": [
              {
                "description": "",
                "from_port": -1,
                "id": "enpao6fo1jj4hpbdf33o",
                "labels": {},
                "port": 22,
                "predefined_target": "",
                "protocol": "TCP",
                "security_group_id": "enpnbs80gsl0togsu8k5",
                "to_port": -1,
                "v4_cidr_blocks": [],
                "v6_cidr_blocks": []
              }
            ],
            "folder_id": "b1g3qp4v82uf78n684iu",
            "id": "enp3a46a9olk51umad7o",
            "ingress": [
              {
                "description": "",
                "from_port": -1,
                "id": "enpog8cmfgb1ffc038f4",
                "labels": {},
                "port": 22,
                "predefined_target": "",
                "protocol": "TCP",
                "security_group_id": "enpnbs80gsl0togsu8k5",
                "to_port": -1,
                "v4_cidr_blocks": [],
                "v6_cidr_blocks": []
              }
            ],
            "labels": {},
            "name": "ssh-sg",
            "network_id": "enp4tleasi39v5kvsu01",
            "status": "ACTIVE",
            "timeouts": null
          },
          "sensitive_attributes": [],
          "private": "eyJlMmJmYjczMC1lY2FhLTExZTYtOGY4OC0zNDM2M2JjN2M0YzAiOnsiY3JlYXRlIjoxODAwMDAwMDAwMDAsImRlbGV0ZSI6MTgwMDAwMDAwMDAwLCJ1cGRhdGUiOjE4MDAwMDAwMDAwMH19",
          "dependencies": [
            "yandex_vpc_network.network-1",
            "yandex_vpc_security_group.bastion-sg"
          ]
        }
      ]
    },
    {
      "mode": "managed",
      "type": "yandex_vpc_security_group",
      "name": "web-sg",
      "provider": "provider[\"registry.terraform.io/yandex-cloud/yandex\"]",
      "instances": [
        {
          "schema_version": 0,
          "attributes": {
            "created_at": "2023-09-10T19:03:03Z",
            "description": "",
            "egress": [],
            "folder_id": "b1g3qp4v82uf78n684iu",
            "id": "enp6ru51er2rcigl8ls4",
            "ingress": [
              {
                "description": "",
                "from_port": -1,
                "id": "enp9ihl1nu4viui83nro",
                "labels": {},
                "port": 80,
                "predefined_target": "",
                "protocol": "TCP",
                "security_group_id": "enpd1t60gp605nldhm8v",
                "to_port": -1,
                "v4_cidr_blocks": [],
                "v6_cidr_blocks": []
              }
            ],
            "labels": {},
            "name": "web-sg",
            "network_id": "enp4tleasi39v5kvsu01",
            "status": "ACTIVE",
            "timeouts": null
          },
          "sensitive_attributes": [],
          "private": "eyJlMmJmYjczMC1lY2FhLTExZTYtOGY4OC0zNDM2M2JjN2M0YzAiOnsiY3JlYXRlIjoxODAwMDAwMDAwMDAsImRlbGV0ZSI6MTgwMDAwMDAwMDAwLCJ1cGRhdGUiOjE4MDAwMDAwMDAwMH19",
          "dependencies": [
            "yandex_vpc_network.network-1",
            "yandex_vpc_security_group.alb-sg"
          ]
        }
      ]
    },
    {
      "mode": "managed",
      "type": "yandex_vpc_security_group",
      "name": "zabbix-server-sg",
      "provider": "provider[\"registry.terraform.io/yandex-cloud/yandex\"]",
      "instances": [
        {
          "schema_version": 0,
          "attributes": {
            "created_at": "2023-09-10T19:03:06Z",
            "description": "",
            "egress": [],
            "folder_id": "b1g3qp4v82uf78n684iu",
            "id": "enpo1vqks4kfmr4mnlag",
            "ingress": [
              {
                "description": "",
                "from_port": -1,
                "id": "enpt4o1hs1isqipjoukk",
                "labels": {},
                "port": 80,
                "predefined_target": "",
                "protocol": "TCP",
                "security_group_id": "",
                "to_port": -1,
                "v4_cidr_blocks": [
                  "0.0.0.0/0"
                ],
                "v6_cidr_blocks": []
              },
              {
                "description": "",
                "from_port": 10050,
                "id": "enp1r4b3t88nvhdmda8b",
                "labels": {},
                "port": -1,
                "predefined_target": "",
                "protocol": "TCP",
                "security_group_id": "",
                "to_port": 10052,
                "v4_cidr_blocks": [
                  "192.168.11.0/24"
                ],
                "v6_cidr_blocks": []
              },
              {
                "description": "",
                "from_port": 10050,
                "id": "enp3h07nlit214fjh0d4",
                "labels": {},
                "port": -1,
                "predefined_target": "",
                "protocol": "TCP",
                "security_group_id": "",
                "to_port": 10051,
                "v4_cidr_blocks": [
                  "192.168.10.0/24"
                ],
                "v6_cidr_blocks": []
              }
            ],
            "labels": {},
            "name": "zabbix-server-sg",
            "network_id": "enp4tleasi39v5kvsu01",
            "status": "ACTIVE",
            "timeouts": null
          },
          "sensitive_attributes": [],
          "private": "eyJlMmJmYjczMC1lY2FhLTExZTYtOGY4OC0zNDM2M2JjN2M0YzAiOnsiY3JlYXRlIjoxODAwMDAwMDAwMDAsImRlbGV0ZSI6MTgwMDAwMDAwMDAwLCJ1cGRhdGUiOjE4MDAwMDAwMDAwMH19",
          "dependencies": [
            "yandex_vpc_gateway.nat_gateway",
            "yandex_vpc_network.network-1",
            "yandex_vpc_route_table.rt",
            "yandex_vpc_subnet.subnet-1",
            "yandex_vpc_subnet.subnet-2"
          ]
        }
      ]
    },
    {
      "mode": "managed",
      "type": "yandex_vpc_security_group",
      "name": "zabbix-sg",
      "provider": "provider[\"registry.terraform.io/yandex-cloud/yandex\"]",
      "instances": [
        {
          "schema_version": 0,
          "attributes": {
            "created_at": "2023-09-10T19:03:08Z",
            "description": "",
            "egress": [
              {
                "description": "",
                "from_port": 10050,
                "id": "enp8mn587esabbadbj0d",
                "labels": {},
                "port": -1,
                "predefined_target": "",
                "protocol": "TCP",
                "security_group_id": "enpo1vqks4kfmr4mnlag",
                "to_port": 10051,
                "v4_cidr_blocks": [],
                "v6_cidr_blocks": []
              }
            ],
            "folder_id": "b1g3qp4v82uf78n684iu",
            "id": "enpgg333t93ln5km6qop",
            "ingress": [
              {
                "description": "",
                "from_port": 10050,
                "id": "enpq7tvl0j8g9tu0bctr",
                "labels": {},
                "port": -1,
                "predefined_target": "",
                "protocol": "TCP",
                "security_group_id": "enpo1vqks4kfmr4mnlag",
                "to_port": 10051,
                "v4_cidr_blocks": [],
                "v6_cidr_blocks": []
              }
            ],
            "labels": {},
            "name": "zabbix-sg",
            "network_id": "enp4tleasi39v5kvsu01",
            "status": "ACTIVE",
            "timeouts": null
          },
          "sensitive_attributes": [],
          "private": "eyJlMmJmYjczMC1lY2FhLTExZTYtOGY4OC0zNDM2M2JjN2M0YzAiOnsiY3JlYXRlIjoxODAwMDAwMDAwMDAsImRlbGV0ZSI6MTgwMDAwMDAwMDAwLCJ1cGRhdGUiOjE4MDAwMDAwMDAwMH19",
          "dependencies": [
            "yandex_vpc_gateway.nat_gateway",
            "yandex_vpc_network.network-1",
            "yandex_vpc_route_table.rt",
            "yandex_vpc_security_group.zabbix-server-sg",
            "yandex_vpc_subnet.subnet-1",
            "yandex_vpc_subnet.subnet-2"
          ]
        }
      ]
    },
    {
      "mode": "managed",
      "type": "yandex_vpc_subnet",
      "name": "subnet-1",
      "provider": "provider[\"registry.terraform.io/yandex-cloud/yandex\"]",
      "instances": [
        {
          "schema_version": 0,
          "attributes": {
            "created_at": "2023-09-10T19:02:59Z",
            "description": "",
            "dhcp_options": [],
            "folder_id": "b1g3qp4v82uf78n684iu",
            "id": "e9b2thdn0tqhffjivlmh",
            "labels": {},
            "name": "subnet-1",
            "network_id": "enp4tleasi39v5kvsu01",
            "route_table_id": "enpq4c670i6p96055g7u",
            "timeouts": null,
            "v4_cidr_blocks": [
              "192.168.10.0/24"
            ],
            "v6_cidr_blocks": [],
            "zone": "ru-central1-a"
          },
          "sensitive_attributes": [],
          "private": "eyJlMmJmYjczMC1lY2FhLTExZTYtOGY4OC0zNDM2M2JjN2M0YzAiOnsiY3JlYXRlIjoxODAwMDAwMDAwMDAsImRlbGV0ZSI6MTgwMDAwMDAwMDAwLCJ1cGRhdGUiOjE4MDAwMDAwMDAwMH19",
          "dependencies": [
            "yandex_vpc_gateway.nat_gateway",
            "yandex_vpc_network.network-1",
            "yandex_vpc_route_table.rt"
          ]
        }
      ]
    },
    {
      "mode": "managed",
      "type": "yandex_vpc_subnet",
      "name": "subnet-2",
      "provider": "provider[\"registry.terraform.io/yandex-cloud/yandex\"]",
      "instances": [
        {
          "schema_version": 0,
          "attributes": {
            "created_at": "2023-09-10T19:02:57Z",
            "description": "",
            "dhcp_options": [],
            "folder_id": "b1g3qp4v82uf78n684iu",
            "id": "e9boihfpl82moe8kob5r",
            "labels": {},
            "name": "subnet-2",
            "network_id": "enp4tleasi39v5kvsu01",
            "route_table_id": "",
            "timeouts": null,
            "v4_cidr_blocks": [
              "192.168.11.0/24"
            ],
            "v6_cidr_blocks": [],
            "zone": "ru-central1-a"
          },
          "sensitive_attributes": [],
          "private": "eyJlMmJmYjczMC1lY2FhLTExZTYtOGY4OC0zNDM2M2JjN2M0YzAiOnsiY3JlYXRlIjoxODAwMDAwMDAwMDAsImRlbGV0ZSI6MTgwMDAwMDAwMDAwLCJ1cGRhdGUiOjE4MDAwMDAwMDAwMH19",
          "dependencies": [
            "yandex_vpc_network.network-1"
          ]
        }
      ]
    }
  ],
  "check_results": null
}
