{
  "version": 4,
  "terraform_version": "1.5.5",
  "serial": 2258,
  "lineage": "0b07665d-3295-1a9c-507b-50c65f38f778",
  "outputs": {
    "ext_ip_address_alb": {
      "value": "62.84.126.174",
      "type": "string"
    },
    "ip_list": {
      "value": [
        "ext_ip bastion:       84.201.172.73",
        "ext_ip elasticsearch: ",
        "ext_ip kibana:        158.160.41.110",
        "ext_ip vm-1:          ",
        "ext_ip vm-2:          ",
        "ext_ip zabbix-server: 158.160.48.216",
        "int_ip bastion:       192.168.11.34",
        "int_ip elasticsearch: 192.168.10.36",
        "int_ip kibana:        192.168.11.27",
        "int_ip vm-1:          192.168.10.21",
        "int_ip vm-2:          192.168.10.15",
        "int_ip zabbix-server: 192.168.11.4"
      ],
      "type": [
        "set",
        "string"
      ]
    },
    "ssh_command": {
      "value": "ssh -J user@84.201.172.73 user@",
      "type": "string"
    }
  },
  "resources": [
    {
      "mode": "managed",
      "type": "local_file",
      "name": "hosts",
      "provider": "provider[\"registry.terraform.io/hashicorp/local\"]",
      "instances": [
        {
          "schema_version": 0,
          "attributes": {
            "content": "[web-servers]\nvm-1 ansible_host=192.168.10.21\nvm-2 ansible_host=192.168.10.15\n\n\n[zabbix]\nzabbix_server ansible_host=192.168.11.4 \n\n[elastic]\nelastic_server ansible_host=192.168.10.36 \n\n[kibana]\nkibana_server ansible_host=192.168.11.27 \n\n[bastion]\nbastion_host ansible_host=84.201.172.73\n\n[nodes:children]\nweb-servers\nzabbix\nelastic\nkibana\n\n[nodes:vars]\nansible_ssh_common_args='-o ProxyCommand=\"ssh -W %h:%p -q user@84.201.172.73\"'\n\n[all:vars]\nansible_connection=ssh\nansible_user=user\nzabbix_ext_ip=158.160.48.216\nalb_ip=62.84.126.174\n",
            "content_base64": null,
            "content_base64sha256": "DO4cEMabbnbPVxvG82ATb/WPqe63bPHqnBV8BjnE24g=",
            "content_base64sha512": "6/8PbT1ZOQtBg4nZQCu84JGDRIpznOO/xC5X8H8pN16k5Fz2LoWIlx4aJiAnNE7VE9Y4vKhjxBOeODH52Js1xQ==",
            "content_md5": "feff18ef6efa33f2c3b33e83019ae7ad",
            "content_sha1": "15a35a747165a60d621b03c4741c3c4ed9986c38",
            "content_sha256": "0cee1c10c69b6e76cf571bc6f360136ff58fa9eeb76cf1ea9c157c0639c4db88",
            "content_sha512": "ebff0f6d3d59390b418389d9402bbce09183448a739ce3bfc42e57f07f29375ea4e45cf62e8588971e1a262027344ed513d638bca863c4139e3831f9d89b35c5",
            "directory_permission": "0777",
            "file_permission": "0777",
            "filename": "./../ansible/hosts.ini",
            "id": "15a35a747165a60d621b03c4741c3c4ed9986c38",
            "sensitive_content": null,
            "source": null
          },
          "sensitive_attributes": [],
          "dependencies": [
            "yandex_alb_http_router.router-1",
            "yandex_alb_load_balancer.alb-1",
            "yandex_compute_instance.bastion",
            "yandex_compute_instance.elasticsearch",
            "yandex_compute_instance.kibana",
            "yandex_compute_instance.vm",
            "yandex_compute_instance.zabbix-server",
            "yandex_vpc_gateway.nat_gateway",
            "yandex_vpc_network.network-1",
            "yandex_vpc_route_table.rt",
            "yandex_vpc_security_group.alb-sg",
            "yandex_vpc_security_group.bastion-sg",
            "yandex_vpc_security_group.egress-sg",
            "yandex_vpc_security_group.elastic-sg",
            "yandex_vpc_security_group.kibana-sg",
            "yandex_vpc_security_group.ssh-sg",
            "yandex_vpc_security_group.web-sg",
            "yandex_vpc_security_group.zabbix-server-sg",
            "yandex_vpc_security_group.zabbix-sg",
            "yandex_vpc_subnet.subnet-1",
            "yandex_vpc_subnet.subnet-2"
          ]
        }
      ]
    },
    {
      "mode": "managed",
      "type": "yandex_alb_backend_group",
      "name": "bg-1",
      "provider": "provider[\"registry.terraform.io/yandex-cloud/yandex\"]",
      "instances": [
        {
          "schema_version": 0,
          "attributes": {
            "created_at": "2023-09-27T17:22:36Z",
            "description": "",
            "folder_id": "b1g3qp4v82uf78n684iu",
            "grpc_backend": [],
            "http_backend": [
              {
                "healthcheck": [
                  {
                    "grpc_healthcheck": [],
                    "healthcheck_port": 0,
                    "healthy_threshold": 10,
                    "http_healthcheck": [
                      {
                        "host": "",
                        "http2": false,
                        "path": "/"
                      }
                    ],
                    "interval": "2s",
                    "interval_jitter_percent": 0,
                    "stream_healthcheck": [],
                    "timeout": "10s",
                    "unhealthy_threshold": 15
                  }
                ],
                "http2": false,
                "load_balancing_config": [
                  {
                    "locality_aware_routing_percent": 0,
                    "mode": "ROUND_ROBIN",
                    "panic_threshold": 90,
                    "strict_locality": false
                  }
                ],
                "name": "backend-1",
                "port": 80,
                "storage_bucket": "",
                "target_group_ids": [
                  "ds7t9l9qve9dg48hvnih"
                ],
                "tls": [],
                "weight": 1
              }
            ],
            "id": "ds7uli204650slohvumb",
            "labels": {},
            "name": "bg-1",
            "session_affinity": [
              {
                "connection": [
                  {
                    "source_ip": true
                  }
                ],
                "cookie": [],
                "header": []
              }
            ],
            "stream_backend": [],
            "timeouts": null
          },
          "sensitive_attributes": [],
          "private": "eyJlMmJmYjczMC1lY2FhLTExZTYtOGY4OC0zNDM2M2JjN2M0YzAiOnsiY3JlYXRlIjozMDAwMDAwMDAwMDAsImRlbGV0ZSI6MzAwMDAwMDAwMDAwLCJ1cGRhdGUiOjMwMDAwMDAwMDAwMH19",
          "dependencies": [
            "yandex_alb_target_group.tg-1",
            "yandex_compute_instance.vm",
            "yandex_vpc_gateway.nat_gateway",
            "yandex_vpc_network.network-1",
            "yandex_vpc_route_table.rt",
            "yandex_vpc_security_group.alb-sg",
            "yandex_vpc_security_group.bastion-sg",
            "yandex_vpc_security_group.egress-sg",
            "yandex_vpc_security_group.ssh-sg",
            "yandex_vpc_security_group.web-sg",
            "yandex_vpc_security_group.zabbix-server-sg",
            "yandex_vpc_security_group.zabbix-sg",
            "yandex_vpc_subnet.subnet-1",
            "yandex_vpc_subnet.subnet-2"
          ]
        }
      ]
    },
    {
      "mode": "managed",
      "type": "yandex_alb_http_router",
      "name": "router-1",
      "provider": "provider[\"registry.terraform.io/yandex-cloud/yandex\"]",
      "instances": [
        {
          "schema_version": 0,
          "attributes": {
            "created_at": "2023-09-27T17:21:24Z",
            "description": "",
            "folder_id": "b1g3qp4v82uf78n684iu",
            "id": "ds77olm20rd70dvucuh9",
            "labels": {},
            "name": "router-1",
            "route_options": [],
            "timeouts": null
          },
          "sensitive_attributes": [],
          "private": "eyJlMmJmYjczMC1lY2FhLTExZTYtOGY4OC0zNDM2M2JjN2M0YzAiOnsiY3JlYXRlIjozMDAwMDAwMDAwMDAsImRlbGV0ZSI6MzAwMDAwMDAwMDAwLCJ1cGRhdGUiOjMwMDAwMDAwMDAwMH19"
        }
      ]
    },
    {
      "mode": "managed",
      "type": "yandex_alb_load_balancer",
      "name": "alb-1",
      "provider": "provider[\"registry.terraform.io/yandex-cloud/yandex\"]",
      "instances": [
        {
          "schema_version": 0,
          "attributes": {
            "allocation_policy": [
              {
                "location": [
                  {
                    "disable_traffic": false,
                    "subnet_id": "e9b01t06bnhkpo0r2gia",
                    "zone_id": "ru-central1-a"
                  }
                ]
              }
            ],
            "created_at": "2023-09-27T17:21:32Z",
            "description": "",
            "folder_id": "b1g3qp4v82uf78n684iu",
            "id": "ds7p5kahp8qv4kisf4n8",
            "labels": {},
            "listener": [
              {
                "endpoint": [
                  {
                    "address": [
                      {
                        "external_ipv4_address": [
                          {
                            "address": "62.84.126.174"
                          }
                        ],
                        "external_ipv6_address": [],
                        "internal_ipv4_address": []
                      }
                    ],
                    "ports": [
                      80
                    ]
                  }
                ],
                "http": [
                  {
                    "handler": [
                      {
                        "allow_http10": false,
                        "http2_options": [],
                        "http_router_id": "ds77olm20rd70dvucuh9",
                        "rewrite_request_id": false
                      }
                    ],
                    "redirects": []
                  }
                ],
                "name": "listener-1",
                "stream": [],
                "tls": []
              }
            ],
            "log_group_id": "ckg7saiql429j6lb8r1s",
            "log_options": [],
            "name": "alb-1",
            "network_id": "enpoe3ma2tgjlb0ik0s1",
            "region_id": "",
            "security_group_ids": [
              "enp29uj8if7js7o674ro",
              "enpnoga4juv6g68uj77m"
            ],
            "status": "active",
            "timeouts": null
          },
          "sensitive_attributes": [],
          "private": "eyJlMmJmYjczMC1lY2FhLTExZTYtOGY4OC0zNDM2M2JjN2M0YzAiOnsiY3JlYXRlIjo2MDAwMDAwMDAwMDAsImRlbGV0ZSI6NjAwMDAwMDAwMDAwLCJ1cGRhdGUiOjYwMDAwMDAwMDAwMH19",
          "dependencies": [
            "yandex_alb_http_router.router-1",
            "yandex_vpc_network.network-1",
            "yandex_vpc_security_group.alb-sg",
            "yandex_vpc_security_group.egress-sg",
            "yandex_vpc_subnet.subnet-2"
          ]
        }
      ]
    },
    {
      "mode": "managed",
      "type": "yandex_alb_target_group",
      "name": "tg-1",
      "provider": "provider[\"registry.terraform.io/yandex-cloud/yandex\"]",
      "instances": [
        {
          "schema_version": 0,
          "attributes": {
            "created_at": "2023-09-27T17:22:35Z",
            "description": "",
            "folder_id": "b1g3qp4v82uf78n684iu",
            "id": "ds7t9l9qve9dg48hvnih",
            "labels": {},
            "name": "tg-1",
            "target": [
              {
                "ip_address": "192.168.10.21",
                "private_ipv4_address": false,
                "subnet_id": "e9boi3fp6jr9dvc0j4on"
              },
              {
                "ip_address": "192.168.10.15",
                "private_ipv4_address": false,
                "subnet_id": "e9boi3fp6jr9dvc0j4on"
              }
            ],
            "timeouts": null
          },
          "sensitive_attributes": [],
          "private": "eyJlMmJmYjczMC1lY2FhLTExZTYtOGY4OC0zNDM2M2JjN2M0YzAiOnsiY3JlYXRlIjozMDAwMDAwMDAwMDAsImRlbGV0ZSI6MzAwMDAwMDAwMDAwLCJ1cGRhdGUiOjMwMDAwMDAwMDAwMH19",
          "dependencies": [
            "yandex_compute_instance.vm",
            "yandex_vpc_gateway.nat_gateway",
            "yandex_vpc_network.network-1",
            "yandex_vpc_route_table.rt",
            "yandex_vpc_security_group.alb-sg",
            "yandex_vpc_security_group.bastion-sg",
            "yandex_vpc_security_group.egress-sg",
            "yandex_vpc_security_group.ssh-sg",
            "yandex_vpc_security_group.web-sg",
            "yandex_vpc_security_group.zabbix-server-sg",
            "yandex_vpc_security_group.zabbix-sg",
            "yandex_vpc_subnet.subnet-1",
            "yandex_vpc_subnet.subnet-2"
          ]
        }
      ]
    },
    {
      "mode": "managed",
      "type": "yandex_alb_virtual_host",
      "name": "vh-1",
      "provider": "provider[\"registry.terraform.io/yandex-cloud/yandex\"]",
      "instances": [
        {
          "schema_version": 0,
          "attributes": {
            "authority": [],
            "http_router_id": "ds77olm20rd70dvucuh9",
            "id": "ds77olm20rd70dvucuh9/vh-1",
            "modify_request_headers": [],
            "modify_response_headers": [],
            "name": "vh-1",
            "route": [
              {
                "grpc_route": [],
                "http_route": [
                  {
                    "direct_response_action": [],
                    "http_match": [],
                    "http_route_action": [
                      {
                        "auto_host_rewrite": false,
                        "backend_group_id": "ds7uli204650slohvumb",
                        "host_rewrite": "",
                        "idle_timeout": "",
                        "prefix_rewrite": "",
                        "timeout": "1m0s",
                        "upgrade_types": []
                      }
                    ],
                    "redirect_action": []
                  }
                ],
                "name": "route-1",
                "route_options": []
              }
            ],
            "route_options": [],
            "timeouts": null
          },
          "sensitive_attributes": [],
          "private": "eyJlMmJmYjczMC1lY2FhLTExZTYtOGY4OC0zNDM2M2JjN2M0YzAiOnsiY3JlYXRlIjozMDAwMDAwMDAwMDAsImRlbGV0ZSI6MzAwMDAwMDAwMDAwLCJ1cGRhdGUiOjMwMDAwMDAwMDAwMH19",
          "dependencies": [
            "yandex_alb_backend_group.bg-1",
            "yandex_alb_http_router.router-1",
            "yandex_alb_target_group.tg-1",
            "yandex_compute_instance.vm",
            "yandex_vpc_gateway.nat_gateway",
            "yandex_vpc_network.network-1",
            "yandex_vpc_route_table.rt",
            "yandex_vpc_security_group.alb-sg",
            "yandex_vpc_security_group.bastion-sg",
            "yandex_vpc_security_group.egress-sg",
            "yandex_vpc_security_group.ssh-sg",
            "yandex_vpc_security_group.web-sg",
            "yandex_vpc_security_group.zabbix-server-sg",
            "yandex_vpc_security_group.zabbix-sg",
            "yandex_vpc_subnet.subnet-1",
            "yandex_vpc_subnet.subnet-2"
          ]
        }
      ]
    },
    {
      "mode": "managed",
      "type": "yandex_compute_instance",
      "name": "bastion",
      "provider": "provider[\"registry.terraform.io/yandex-cloud/yandex\"]",
      "instances": [
        {
          "schema_version": 1,
          "attributes": {
            "allow_recreate": null,
            "allow_stopping_for_update": true,
            "boot_disk": [
              {
                "auto_delete": true,
                "device_name": "fhm1hsg27qecesld2cp7",
                "disk_id": "fhm1hsg27qecesld2cp7",
                "initialize_params": [
                  {
                    "block_size": 4096,
                    "description": "",
                    "image_id": "fd83u9thmahrv9lgedrk",
                    "name": "",
                    "size": 3,
                    "snapshot_id": "",
                    "type": "network-hdd"
                  }
                ],
                "mode": "READ_WRITE"
              }
            ],
            "created_at": "2023-09-27T17:21:36Z",
            "description": "",
            "filesystem": [],
            "folder_id": "b1g3qp4v82uf78n684iu",
            "fqdn": "fhmavmk3blm7h8ao46bg.auto.internal",
            "gpu_cluster_id": "",
            "hostname": "",
            "id": "fhmavmk3blm7h8ao46bg",
            "labels": {},
            "local_disk": [],
            "metadata": {
              "user-data": "#cloud-config\nusers:\n  - name: user\n    groups: sudo\n    shell: /bin/bash\n    sudo: ['ALL=(ALL) NOPASSWD:ALL']\n    ssh-authorized-keys:\n      - ssh-rsa AAAAB3NzaC1yc2EAAAADAQABAAABgQCS88Naqyr8fvPWcqhK7GAQYipy6TvP1eQIICeRcL2cu4DR2bVqK5iU3Cy4yVuOzNujQcOyuqnUrq+uRksxlKY1O7fjxc4LhypScGnQPkFsIjeRmM3DdhrskCvu0LPRclOVfki8uMhIFF6XB+HAsjHxgDJawGd8nQ8FQC0mK+4vcSoHWnfkxTaY0kCTp/3Gt2/BZIaTdF4BNG1Arhcv4W1l4kED9sKPwBZ3lkPw72qi9n1dmPvSAqT71je1Lyh4Hh2JxmOaaCppiYKYWn64TY8aCu7xwbJ3L2C8P5Y2wbIxQxjYBTDAx6cH7mnqv+x4sEGk499crnmBEEF8/37+tzESUGDKawg65NIIJyjNHeI/59fW9t+2mxjytgXQYhyHZ6DzHG9Qiy5lMZvQQ50aKzQDKnNVUaBrwXPTzbQxpHWGSi9qDOeYYP9wGyjelfKUnF0Zk38J9RDH5gkTULQWB/Z5JkbkAAZNM+VC3WKJiDij6t+pi/bfthp5rlkfJlwHREM= belov@diplom\n\n"
            },
            "metadata_options": [
              {
                "aws_v1_http_endpoint": 1,
                "aws_v1_http_token": 2,
                "gce_http_endpoint": 1,
                "gce_http_token": 1
              }
            ],
            "name": "bastion",
            "network_acceleration_type": "standard",
            "network_interface": [
              {
                "dns_record": [],
                "index": 0,
                "ip_address": "192.168.11.34",
                "ipv4": true,
                "ipv6": false,
                "ipv6_address": "",
                "ipv6_dns_record": [],
                "mac_address": "d0:0d:af:da:83:5d",
                "nat": true,
                "nat_dns_record": [],
                "nat_ip_address": "84.201.172.73",
                "nat_ip_version": "IPV4",
                "security_group_ids": [
                  "enp9thb5k9o3ndnsva5j",
                  "enpmaip6b7n1ssqo8a55",
                  "enpnoga4juv6g68uj77m"
                ],
                "subnet_id": "e9b01t06bnhkpo0r2gia"
              }
            ],
            "placement_policy": [
              {
                "host_affinity_rules": [],
                "placement_group_id": ""
              }
            ],
            "platform_id": "standard-v1",
            "resources": [
              {
                "core_fraction": 5,
                "cores": 2,
                "gpus": 0,
                "memory": 2
              }
            ],
            "scheduling_policy": [
              {
                "preemptible": true
              }
            ],
            "secondary_disk": [],
            "service_account_id": "",
            "status": "running",
            "timeouts": null,
            "zone": "ru-central1-a"
          },
          "sensitive_attributes": [],
          "private": "eyJlMmJmYjczMC1lY2FhLTExZTYtOGY4OC0zNDM2M2JjN2M0YzAiOnsiY3JlYXRlIjozMDAwMDAwMDAwMDAsImRlbGV0ZSI6MzAwMDAwMDAwMDAwLCJ1cGRhdGUiOjMwMDAwMDAwMDAwMH0sInNjaGVtYV92ZXJzaW9uIjoiMSJ9",
          "dependencies": [
            "yandex_vpc_gateway.nat_gateway",
            "yandex_vpc_network.network-1",
            "yandex_vpc_route_table.rt",
            "yandex_vpc_security_group.bastion-sg",
            "yandex_vpc_security_group.egress-sg",
            "yandex_vpc_security_group.zabbix-server-sg",
            "yandex_vpc_security_group.zabbix-sg",
            "yandex_vpc_subnet.subnet-1",
            "yandex_vpc_subnet.subnet-2"
          ]
        }
      ]
    },
    {
      "mode": "managed",
      "type": "yandex_compute_instance",
      "name": "elasticsearch",
      "provider": "provider[\"registry.terraform.io/yandex-cloud/yandex\"]",
      "instances": [
        {
          "schema_version": 1,
          "attributes": {
            "allow_recreate": null,
            "allow_stopping_for_update": null,
            "boot_disk": [
              {
                "auto_delete": true,
                "device_name": "fhmhq7nssfgf85ukvags",
                "disk_id": "fhmhq7nssfgf85ukvags",
                "initialize_params": [
                  {
                    "block_size": 4096,
                    "description": "",
                    "image_id": "fd83u9thmahrv9lgedrk",
                    "name": "",
                    "size": 15,
                    "snapshot_id": "",
                    "type": "network-hdd"
                  }
                ],
                "mode": "READ_WRITE"
              }
            ],
            "created_at": "2023-09-27T17:21:37Z",
            "description": "",
            "filesystem": [],
            "folder_id": "b1g3qp4v82uf78n684iu",
            "fqdn": "fhmg93l0738uah00ghl4.auto.internal",
            "gpu_cluster_id": "",
            "hostname": "",
            "id": "fhmg93l0738uah00ghl4",
            "labels": {},
            "local_disk": [],
            "metadata": {
              "user-data": "#cloud-config\nusers:\n  - name: user\n    groups: sudo\n    shell: /bin/bash\n    sudo: ['ALL=(ALL) NOPASSWD:ALL']\n    ssh-authorized-keys:\n      - ssh-rsa AAAAB3NzaC1yc2EAAAADAQABAAABgQCS88Naqyr8fvPWcqhK7GAQYipy6TvP1eQIICeRcL2cu4DR2bVqK5iU3Cy4yVuOzNujQcOyuqnUrq+uRksxlKY1O7fjxc4LhypScGnQPkFsIjeRmM3DdhrskCvu0LPRclOVfki8uMhIFF6XB+HAsjHxgDJawGd8nQ8FQC0mK+4vcSoHWnfkxTaY0kCTp/3Gt2/BZIaTdF4BNG1Arhcv4W1l4kED9sKPwBZ3lkPw72qi9n1dmPvSAqT71je1Lyh4Hh2JxmOaaCppiYKYWn64TY8aCu7xwbJ3L2C8P5Y2wbIxQxjYBTDAx6cH7mnqv+x4sEGk499crnmBEEF8/37+tzESUGDKawg65NIIJyjNHeI/59fW9t+2mxjytgXQYhyHZ6DzHG9Qiy5lMZvQQ50aKzQDKnNVUaBrwXPTzbQxpHWGSi9qDOeYYP9wGyjelfKUnF0Zk38J9RDH5gkTULQWB/Z5JkbkAAZNM+VC3WKJiDij6t+pi/bfthp5rlkfJlwHREM= belov@diplom\n\n"
            },
            "metadata_options": [
              {
                "aws_v1_http_endpoint": 1,
                "aws_v1_http_token": 2,
                "gce_http_endpoint": 1,
                "gce_http_token": 1
              }
            ],
            "name": "elasticsearch",
            "network_acceleration_type": "standard",
            "network_interface": [
              {
                "dns_record": [],
                "index": 0,
                "ip_address": "192.168.10.36",
                "ipv4": true,
                "ipv6": false,
                "ipv6_address": "",
                "ipv6_dns_record": [],
                "mac_address": "d0:0d:10:48:ea:03",
                "nat": false,
                "nat_dns_record": [],
                "nat_ip_address": "",
                "nat_ip_version": "",
                "security_group_ids": [
                  "enp9thb5k9o3ndnsva5j",
                  "enpcroip18o7mcrh77i9",
                  "enpnoga4juv6g68uj77m",
                  "enppu1psl88std4j43ku"
                ],
                "subnet_id": "e9boi3fp6jr9dvc0j4on"
              }
            ],
            "placement_policy": [
              {
                "host_affinity_rules": [],
                "placement_group_id": ""
              }
            ],
            "platform_id": "standard-v1",
            "resources": [
              {
                "core_fraction": 100,
                "cores": 4,
                "gpus": 0,
                "memory": 4
              }
            ],
            "scheduling_policy": [
              {
                "preemptible": true
              }
            ],
            "secondary_disk": [],
            "service_account_id": "",
            "status": "running",
            "timeouts": null,
            "zone": "ru-central1-a"
          },
          "sensitive_attributes": [],
          "private": "eyJlMmJmYjczMC1lY2FhLTExZTYtOGY4OC0zNDM2M2JjN2M0YzAiOnsiY3JlYXRlIjozMDAwMDAwMDAwMDAsImRlbGV0ZSI6MzAwMDAwMDAwMDAwLCJ1cGRhdGUiOjMwMDAwMDAwMDAwMH0sInNjaGVtYV92ZXJzaW9uIjoiMSJ9",
          "dependencies": [
            "yandex_vpc_gateway.nat_gateway",
            "yandex_vpc_network.network-1",
            "yandex_vpc_route_table.rt",
            "yandex_vpc_security_group.bastion-sg",
            "yandex_vpc_security_group.egress-sg",
            "yandex_vpc_security_group.elastic-sg",
            "yandex_vpc_security_group.ssh-sg",
            "yandex_vpc_security_group.zabbix-server-sg",
            "yandex_vpc_security_group.zabbix-sg",
            "yandex_vpc_subnet.subnet-1",
            "yandex_vpc_subnet.subnet-2"
          ]
        }
      ]
    },
    {
      "mode": "managed",
      "type": "yandex_compute_instance",
      "name": "kibana",
      "provider": "provider[\"registry.terraform.io/yandex-cloud/yandex\"]",
      "instances": [
        {
          "schema_version": 1,
          "attributes": {
            "allow_recreate": null,
            "allow_stopping_for_update": null,
            "boot_disk": [
              {
                "auto_delete": true,
                "device_name": "fhmi0v7nlre17faqdn8b",
                "disk_id": "fhmi0v7nlre17faqdn8b",
                "initialize_params": [
                  {
                    "block_size": 4096,
                    "description": "",
                    "image_id": "fd83u9thmahrv9lgedrk",
                    "name": "",
                    "size": 8,
                    "snapshot_id": "",
                    "type": "network-hdd"
                  }
                ],
                "mode": "READ_WRITE"
              }
            ],
            "created_at": "2023-09-27T17:21:37Z",
            "description": "",
            "filesystem": [],
            "folder_id": "b1g3qp4v82uf78n684iu",
            "fqdn": "fhmeifpia638qfoj0slk.auto.internal",
            "gpu_cluster_id": "",
            "hostname": "",
            "id": "fhmeifpia638qfoj0slk",
            "labels": {},
            "local_disk": [],
            "metadata": {
              "user-data": "#cloud-config\nusers:\n  - name: user\n    groups: sudo\n    shell: /bin/bash\n    sudo: ['ALL=(ALL) NOPASSWD:ALL']\n    ssh-authorized-keys:\n      - ssh-rsa AAAAB3NzaC1yc2EAAAADAQABAAABgQCS88Naqyr8fvPWcqhK7GAQYipy6TvP1eQIICeRcL2cu4DR2bVqK5iU3Cy4yVuOzNujQcOyuqnUrq+uRksxlKY1O7fjxc4LhypScGnQPkFsIjeRmM3DdhrskCvu0LPRclOVfki8uMhIFF6XB+HAsjHxgDJawGd8nQ8FQC0mK+4vcSoHWnfkxTaY0kCTp/3Gt2/BZIaTdF4BNG1Arhcv4W1l4kED9sKPwBZ3lkPw72qi9n1dmPvSAqT71je1Lyh4Hh2JxmOaaCppiYKYWn64TY8aCu7xwbJ3L2C8P5Y2wbIxQxjYBTDAx6cH7mnqv+x4sEGk499crnmBEEF8/37+tzESUGDKawg65NIIJyjNHeI/59fW9t+2mxjytgXQYhyHZ6DzHG9Qiy5lMZvQQ50aKzQDKnNVUaBrwXPTzbQxpHWGSi9qDOeYYP9wGyjelfKUnF0Zk38J9RDH5gkTULQWB/Z5JkbkAAZNM+VC3WKJiDij6t+pi/bfthp5rlkfJlwHREM= belov@diplom\n\n"
            },
            "metadata_options": [
              {
                "aws_v1_http_endpoint": 1,
                "aws_v1_http_token": 2,
                "gce_http_endpoint": 1,
                "gce_http_token": 1
              }
            ],
            "name": "kibana",
            "network_acceleration_type": "standard",
            "network_interface": [
              {
                "dns_record": [],
                "index": 0,
                "ip_address": "192.168.11.27",
                "ipv4": true,
                "ipv6": false,
                "ipv6_address": "",
                "ipv6_dns_record": [],
                "mac_address": "d0:0d:e9:3f:32:51",
                "nat": true,
                "nat_dns_record": [],
                "nat_ip_address": "158.160.41.110",
                "nat_ip_version": "IPV4",
                "security_group_ids": [
                  "enp9thb5k9o3ndnsva5j",
                  "enpcroip18o7mcrh77i9",
                  "enpmrak8aso8vgm11s9d",
                  "enpnoga4juv6g68uj77m"
                ],
                "subnet_id": "e9b01t06bnhkpo0r2gia"
              }
            ],
            "placement_policy": [
              {
                "host_affinity_rules": [],
                "placement_group_id": ""
              }
            ],
            "platform_id": "standard-v1",
            "resources": [
              {
                "core_fraction": 20,
                "cores": 2,
                "gpus": 0,
                "memory": 2
              }
            ],
            "scheduling_policy": [
              {
                "preemptible": true
              }
            ],
            "secondary_disk": [],
            "service_account_id": "",
            "status": "running",
            "timeouts": null,
            "zone": "ru-central1-a"
          },
          "sensitive_attributes": [],
          "private": "eyJlMmJmYjczMC1lY2FhLTExZTYtOGY4OC0zNDM2M2JjN2M0YzAiOnsiY3JlYXRlIjozMDAwMDAwMDAwMDAsImRlbGV0ZSI6MzAwMDAwMDAwMDAwLCJ1cGRhdGUiOjMwMDAwMDAwMDAwMH0sInNjaGVtYV92ZXJzaW9uIjoiMSJ9",
          "dependencies": [
            "yandex_vpc_gateway.nat_gateway",
            "yandex_vpc_network.network-1",
            "yandex_vpc_route_table.rt",
            "yandex_vpc_security_group.bastion-sg",
            "yandex_vpc_security_group.egress-sg",
            "yandex_vpc_security_group.kibana-sg",
            "yandex_vpc_security_group.ssh-sg",
            "yandex_vpc_security_group.zabbix-server-sg",
            "yandex_vpc_security_group.zabbix-sg",
            "yandex_vpc_subnet.subnet-1",
            "yandex_vpc_subnet.subnet-2"
          ]
        }
      ]
    },
    {
      "mode": "managed",
      "type": "yandex_compute_instance",
      "name": "vm",
      "provider": "provider[\"registry.terraform.io/yandex-cloud/yandex\"]",
      "instances": [
        {
          "index_key": "vm-1",
          "schema_version": 1,
          "attributes": {
            "allow_recreate": null,
            "allow_stopping_for_update": null,
            "boot_disk": [
              {
                "auto_delete": true,
                "device_name": "fhmroubbcnurj9maphkv",
                "disk_id": "fhmroubbcnurj9maphkv",
                "initialize_params": [
                  {
                    "block_size": 4096,
                    "description": "",
                    "image_id": "fd83u9thmahrv9lgedrk",
                    "name": "",
                    "size": 3,
                    "snapshot_id": "",
                    "type": "network-hdd"
                  }
                ],
                "mode": "READ_WRITE"
              }
            ],
            "created_at": "2023-09-27T17:21:37Z",
            "description": "",
            "filesystem": [],
            "folder_id": "b1g3qp4v82uf78n684iu",
            "fqdn": "fhmvaoibqgsubh124iq4.auto.internal",
            "gpu_cluster_id": "",
            "hostname": "",
            "id": "fhmvaoibqgsubh124iq4",
            "labels": {},
            "local_disk": [],
            "metadata": {
              "user-data": "#cloud-config\nusers:\n  - name: user\n    groups: sudo\n    shell: /bin/bash\n    sudo: ['ALL=(ALL) NOPASSWD:ALL']\n    ssh-authorized-keys:\n      - ssh-rsa AAAAB3NzaC1yc2EAAAADAQABAAABgQCS88Naqyr8fvPWcqhK7GAQYipy6TvP1eQIICeRcL2cu4DR2bVqK5iU3Cy4yVuOzNujQcOyuqnUrq+uRksxlKY1O7fjxc4LhypScGnQPkFsIjeRmM3DdhrskCvu0LPRclOVfki8uMhIFF6XB+HAsjHxgDJawGd8nQ8FQC0mK+4vcSoHWnfkxTaY0kCTp/3Gt2/BZIaTdF4BNG1Arhcv4W1l4kED9sKPwBZ3lkPw72qi9n1dmPvSAqT71je1Lyh4Hh2JxmOaaCppiYKYWn64TY8aCu7xwbJ3L2C8P5Y2wbIxQxjYBTDAx6cH7mnqv+x4sEGk499crnmBEEF8/37+tzESUGDKawg65NIIJyjNHeI/59fW9t+2mxjytgXQYhyHZ6DzHG9Qiy5lMZvQQ50aKzQDKnNVUaBrwXPTzbQxpHWGSi9qDOeYYP9wGyjelfKUnF0Zk38J9RDH5gkTULQWB/Z5JkbkAAZNM+VC3WKJiDij6t+pi/bfthp5rlkfJlwHREM= belov@diplom\n\n"
            },
            "metadata_options": [
              {
                "aws_v1_http_endpoint": 1,
                "aws_v1_http_token": 2,
                "gce_http_endpoint": 1,
                "gce_http_token": 1
              }
            ],
            "name": "vm-1",
            "network_acceleration_type": "standard",
            "network_interface": [
              {
                "dns_record": [],
                "index": 0,
                "ip_address": "192.168.10.21",
                "ipv4": true,
                "ipv6": false,
                "ipv6_address": "",
                "ipv6_dns_record": [],
                "mac_address": "d0:0d:1f:56:24:bd",
                "nat": false,
                "nat_dns_record": [],
                "nat_ip_address": "",
                "nat_ip_version": "",
                "security_group_ids": [
                  "enp2tltlukh1940t17dn",
                  "enp9thb5k9o3ndnsva5j",
                  "enpcroip18o7mcrh77i9",
                  "enpnoga4juv6g68uj77m"
                ],
                "subnet_id": "e9boi3fp6jr9dvc0j4on"
              }
            ],
            "placement_policy": [
              {
                "host_affinity_rules": [],
                "placement_group_id": ""
              }
            ],
            "platform_id": "standard-v1",
            "resources": [
              {
                "core_fraction": 20,
                "cores": 2,
                "gpus": 0,
                "memory": 2
              }
            ],
            "scheduling_policy": [
              {
                "preemptible": true
              }
            ],
            "secondary_disk": [],
            "service_account_id": "",
            "status": "running",
            "timeouts": null,
            "zone": "ru-central1-a"
          },
          "sensitive_attributes": [],
          "private": "eyJlMmJmYjczMC1lY2FhLTExZTYtOGY4OC0zNDM2M2JjN2M0YzAiOnsiY3JlYXRlIjozMDAwMDAwMDAwMDAsImRlbGV0ZSI6MzAwMDAwMDAwMDAwLCJ1cGRhdGUiOjMwMDAwMDAwMDAwMH0sInNjaGVtYV92ZXJzaW9uIjoiMSJ9",
          "dependencies": [
            "yandex_vpc_gateway.nat_gateway",
            "yandex_vpc_network.network-1",
            "yandex_vpc_route_table.rt",
            "yandex_vpc_security_group.alb-sg",
            "yandex_vpc_security_group.bastion-sg",
            "yandex_vpc_security_group.egress-sg",
            "yandex_vpc_security_group.ssh-sg",
            "yandex_vpc_security_group.web-sg",
            "yandex_vpc_security_group.zabbix-server-sg",
            "yandex_vpc_security_group.zabbix-sg",
            "yandex_vpc_subnet.subnet-1",
            "yandex_vpc_subnet.subnet-2"
          ]
        },
        {
          "index_key": "vm-2",
          "schema_version": 1,
          "attributes": {
            "allow_recreate": null,
            "allow_stopping_for_update": null,
            "boot_disk": [
              {
                "auto_delete": true,
                "device_name": "fhm8q5stv8gioo73pd78",
                "disk_id": "fhm8q5stv8gioo73pd78",
                "initialize_params": [
                  {
                    "block_size": 4096,
                    "description": "",
                    "image_id": "fd83u9thmahrv9lgedrk",
                    "name": "",
                    "size": 3,
                    "snapshot_id": "",
                    "type": "network-hdd"
                  }
                ],
                "mode": "READ_WRITE"
              }
            ],
            "created_at": "2023-09-27T17:21:37Z",
            "description": "",
            "filesystem": [],
            "folder_id": "b1g3qp4v82uf78n684iu",
            "fqdn": "fhmj0ddd2ip6hhah6fa4.auto.internal",
            "gpu_cluster_id": "",
            "hostname": "",
            "id": "fhmj0ddd2ip6hhah6fa4",
            "labels": {},
            "local_disk": [],
            "metadata": {
              "user-data": "#cloud-config\nusers:\n  - name: user\n    groups: sudo\n    shell: /bin/bash\n    sudo: ['ALL=(ALL) NOPASSWD:ALL']\n    ssh-authorized-keys:\n      - ssh-rsa AAAAB3NzaC1yc2EAAAADAQABAAABgQCS88Naqyr8fvPWcqhK7GAQYipy6TvP1eQIICeRcL2cu4DR2bVqK5iU3Cy4yVuOzNujQcOyuqnUrq+uRksxlKY1O7fjxc4LhypScGnQPkFsIjeRmM3DdhrskCvu0LPRclOVfki8uMhIFF6XB+HAsjHxgDJawGd8nQ8FQC0mK+4vcSoHWnfkxTaY0kCTp/3Gt2/BZIaTdF4BNG1Arhcv4W1l4kED9sKPwBZ3lkPw72qi9n1dmPvSAqT71je1Lyh4Hh2JxmOaaCppiYKYWn64TY8aCu7xwbJ3L2C8P5Y2wbIxQxjYBTDAx6cH7mnqv+x4sEGk499crnmBEEF8/37+tzESUGDKawg65NIIJyjNHeI/59fW9t+2mxjytgXQYhyHZ6DzHG9Qiy5lMZvQQ50aKzQDKnNVUaBrwXPTzbQxpHWGSi9qDOeYYP9wGyjelfKUnF0Zk38J9RDH5gkTULQWB/Z5JkbkAAZNM+VC3WKJiDij6t+pi/bfthp5rlkfJlwHREM= belov@diplom\n\n"
            },
            "metadata_options": [
              {
                "aws_v1_http_endpoint": 1,
                "aws_v1_http_token": 2,
                "gce_http_endpoint": 1,
                "gce_http_token": 1
              }
            ],
            "name": "vm-2",
            "network_acceleration_type": "standard",
            "network_interface": [
              {
                "dns_record": [],
                "index": 0,
                "ip_address": "192.168.10.15",
                "ipv4": true,
                "ipv6": false,
                "ipv6_address": "",
                "ipv6_dns_record": [],
                "mac_address": "d0:0d:13:03:5a:d1",
                "nat": false,
                "nat_dns_record": [],
                "nat_ip_address": "",
                "nat_ip_version": "",
                "security_group_ids": [
                  "enp2tltlukh1940t17dn",
                  "enp9thb5k9o3ndnsva5j",
                  "enpcroip18o7mcrh77i9",
                  "enpnoga4juv6g68uj77m"
                ],
                "subnet_id": "e9boi3fp6jr9dvc0j4on"
              }
            ],
            "placement_policy": [
              {
                "host_affinity_rules": [],
                "placement_group_id": ""
              }
            ],
            "platform_id": "standard-v1",
            "resources": [
              {
                "core_fraction": 20,
                "cores": 2,
                "gpus": 0,
                "memory": 2
              }
            ],
            "scheduling_policy": [
              {
                "preemptible": true
              }
            ],
            "secondary_disk": [],
            "service_account_id": "",
            "status": "running",
            "timeouts": null,
            "zone": "ru-central1-a"
          },
          "sensitive_attributes": [],
          "private": "eyJlMmJmYjczMC1lY2FhLTExZTYtOGY4OC0zNDM2M2JjN2M0YzAiOnsiY3JlYXRlIjozMDAwMDAwMDAwMDAsImRlbGV0ZSI6MzAwMDAwMDAwMDAwLCJ1cGRhdGUiOjMwMDAwMDAwMDAwMH0sInNjaGVtYV92ZXJzaW9uIjoiMSJ9",
          "dependencies": [
            "yandex_vpc_gateway.nat_gateway",
            "yandex_vpc_network.network-1",
            "yandex_vpc_route_table.rt",
            "yandex_vpc_security_group.alb-sg",
            "yandex_vpc_security_group.bastion-sg",
            "yandex_vpc_security_group.egress-sg",
            "yandex_vpc_security_group.ssh-sg",
            "yandex_vpc_security_group.web-sg",
            "yandex_vpc_security_group.zabbix-server-sg",
            "yandex_vpc_security_group.zabbix-sg",
            "yandex_vpc_subnet.subnet-1",
            "yandex_vpc_subnet.subnet-2"
          ]
        }
      ]
    },
    {
      "mode": "managed",
      "type": "yandex_compute_instance",
      "name": "zabbix-server",
      "provider": "provider[\"registry.terraform.io/yandex-cloud/yandex\"]",
      "instances": [
        {
          "schema_version": 1,
          "attributes": {
            "allow_recreate": null,
            "allow_stopping_for_update": null,
            "boot_disk": [
              {
                "auto_delete": true,
                "device_name": "fhmvmhsbd6b8dip4koec",
                "disk_id": "fhmvmhsbd6b8dip4koec",
                "initialize_params": [
                  {
                    "block_size": 4096,
                    "description": "",
                    "image_id": "fd83u9thmahrv9lgedrk",
                    "name": "",
                    "size": 15,
                    "snapshot_id": "",
                    "type": "network-hdd"
                  }
                ],
                "mode": "READ_WRITE"
              }
            ],
            "created_at": "2023-09-27T17:21:37Z",
            "description": "",
            "filesystem": [],
            "folder_id": "b1g3qp4v82uf78n684iu",
            "fqdn": "fhmjrhstips6navjtlof.auto.internal",
            "gpu_cluster_id": "",
            "hostname": "",
            "id": "fhmjrhstips6navjtlof",
            "labels": {},
            "local_disk": [],
            "metadata": {
              "user-data": "#cloud-config\nusers:\n  - name: user\n    groups: sudo\n    shell: /bin/bash\n    sudo: ['ALL=(ALL) NOPASSWD:ALL']\n    ssh-authorized-keys:\n      - ssh-rsa AAAAB3NzaC1yc2EAAAADAQABAAABgQCS88Naqyr8fvPWcqhK7GAQYipy6TvP1eQIICeRcL2cu4DR2bVqK5iU3Cy4yVuOzNujQcOyuqnUrq+uRksxlKY1O7fjxc4LhypScGnQPkFsIjeRmM3DdhrskCvu0LPRclOVfki8uMhIFF6XB+HAsjHxgDJawGd8nQ8FQC0mK+4vcSoHWnfkxTaY0kCTp/3Gt2/BZIaTdF4BNG1Arhcv4W1l4kED9sKPwBZ3lkPw72qi9n1dmPvSAqT71je1Lyh4Hh2JxmOaaCppiYKYWn64TY8aCu7xwbJ3L2C8P5Y2wbIxQxjYBTDAx6cH7mnqv+x4sEGk499crnmBEEF8/37+tzESUGDKawg65NIIJyjNHeI/59fW9t+2mxjytgXQYhyHZ6DzHG9Qiy5lMZvQQ50aKzQDKnNVUaBrwXPTzbQxpHWGSi9qDOeYYP9wGyjelfKUnF0Zk38J9RDH5gkTULQWB/Z5JkbkAAZNM+VC3WKJiDij6t+pi/bfthp5rlkfJlwHREM= belov@diplom\n\n"
            },
            "metadata_options": [
              {
                "aws_v1_http_endpoint": 1,
                "aws_v1_http_token": 2,
                "gce_http_endpoint": 1,
                "gce_http_token": 1
              }
            ],
            "name": "zabbix-server",
            "network_acceleration_type": "standard",
            "network_interface": [
              {
                "dns_record": [],
                "index": 0,
                "ip_address": "192.168.11.4",
                "ipv4": true,
                "ipv6": false,
                "ipv6_address": "",
                "ipv6_dns_record": [],
                "mac_address": "d0:0d:13:dc:79:d9",
                "nat": true,
                "nat_dns_record": [],
                "nat_ip_address": "158.160.48.216",
                "nat_ip_version": "IPV4",
                "security_group_ids": [
                  "enpcroip18o7mcrh77i9",
                  "enph7oh3gd4nkaq19bdm",
                  "enpnoga4juv6g68uj77m"
                ],
                "subnet_id": "e9b01t06bnhkpo0r2gia"
              }
            ],
            "placement_policy": [
              {
                "host_affinity_rules": [],
                "placement_group_id": ""
              }
            ],
            "platform_id": "standard-v1",
            "resources": [
              {
                "core_fraction": 20,
                "cores": 2,
                "gpus": 0,
                "memory": 2
              }
            ],
            "scheduling_policy": [
              {
                "preemptible": true
              }
            ],
            "secondary_disk": [],
            "service_account_id": "",
            "status": "running",
            "timeouts": null,
            "zone": "ru-central1-a"
          },
          "sensitive_attributes": [],
          "private": "eyJlMmJmYjczMC1lY2FhLTExZTYtOGY4OC0zNDM2M2JjN2M0YzAiOnsiY3JlYXRlIjozMDAwMDAwMDAwMDAsImRlbGV0ZSI6MzAwMDAwMDAwMDAwLCJ1cGRhdGUiOjMwMDAwMDAwMDAwMH0sInNjaGVtYV92ZXJzaW9uIjoiMSJ9",
          "dependencies": [
            "yandex_vpc_gateway.nat_gateway",
            "yandex_vpc_network.network-1",
            "yandex_vpc_route_table.rt",
            "yandex_vpc_security_group.bastion-sg",
            "yandex_vpc_security_group.egress-sg",
            "yandex_vpc_security_group.ssh-sg",
            "yandex_vpc_security_group.zabbix-server-sg",
            "yandex_vpc_subnet.subnet-1",
            "yandex_vpc_subnet.subnet-2"
          ]
        }
      ]
    },
    {
      "mode": "managed",
      "type": "yandex_compute_snapshot_schedule",
      "name": "snap-1",
      "provider": "provider[\"registry.terraform.io/yandex-cloud/yandex\"]",
      "instances": [
        {
          "schema_version": 0,
          "attributes": {
            "created_at": "2023-09-27T18:35:15Z",
            "description": "",
            "disk_ids": [
              "fhmroubbcnurj9maphkv",
              "fhmhq7nssfgf85ukvags",
              "fhmvmhsbd6b8dip4koec",
              "fhmi0v7nlre17faqdn8b",
              "fhm8q5stv8gioo73pd78",
              "fhm1hsg27qecesld2cp7"
            ],
            "folder_id": "b1g3qp4v82uf78n684iu",
            "id": "fd8ebidpef7q6433el8v",
            "labels": {},
            "name": "snap-1",
            "retention_period": "168h0m0s",
            "schedule_policy": [
              {
                "expression": "43 18 * * *",
                "start_at": "1970-01-01T00:00:00Z"
              }
            ],
            "snapshot_count": 0,
            "snapshot_spec": [
              {
                "description": "",
                "labels": {}
              }
            ],
            "status": "active",
            "timeouts": null
          },
          "sensitive_attributes": [],
          "private": "eyJlMmJmYjczMC1lY2FhLTExZTYtOGY4OC0zNDM2M2JjN2M0YzAiOnsiY3JlYXRlIjozMDAwMDAwMDAwMDAsImRlbGV0ZSI6MzAwMDAwMDAwMDAwLCJ1cGRhdGUiOjMwMDAwMDAwMDAwMH19",
          "dependencies": [
            "yandex_compute_instance.bastion",
            "yandex_compute_instance.elasticsearch",
            "yandex_compute_instance.kibana",
            "yandex_compute_instance.vm",
            "yandex_compute_instance.zabbix-server"
          ]
        }
      ]
    },
    {
      "mode": "managed",
      "type": "yandex_vpc_gateway",
      "name": "nat_gateway",
      "provider": "provider[\"registry.terraform.io/yandex-cloud/yandex\"]",
      "instances": [
        {
          "schema_version": 0,
          "attributes": {
            "created_at": "2023-09-27T17:21:24Z",
            "description": "",
            "folder_id": "b1g3qp4v82uf78n684iu",
            "id": "enpkq1sfdm4nr6st0h7r",
            "labels": {},
            "name": "nat-gateway",
            "shared_egress_gateway": [
              {}
            ],
            "timeouts": null
          },
          "sensitive_attributes": [],
          "private": "eyJlMmJmYjczMC1lY2FhLTExZTYtOGY4OC0zNDM2M2JjN2M0YzAiOnsiY3JlYXRlIjo2MDAwMDAwMDAwMCwiZGVsZXRlIjo2MDAwMDAwMDAwMCwidXBkYXRlIjo2MDAwMDAwMDAwMH19"
        }
      ]
    },
    {
      "mode": "managed",
      "type": "yandex_vpc_network",
      "name": "network-1",
      "provider": "provider[\"registry.terraform.io/yandex-cloud/yandex\"]",
      "instances": [
        {
          "schema_version": 0,
          "attributes": {
            "created_at": "2023-09-27T17:21:24Z",
            "default_security_group_id": "enpo9074n9dlkc1dchbu",
            "description": "",
            "folder_id": "b1g3qp4v82uf78n684iu",
            "id": "enpoe3ma2tgjlb0ik0s1",
            "labels": {},
            "name": "network-1",
            "subnet_ids": [
              "e9b01t06bnhkpo0r2gia",
              "e9boi3fp6jr9dvc0j4on"
            ],
            "timeouts": null
          },
          "sensitive_attributes": [],
          "private": "eyJlMmJmYjczMC1lY2FhLTExZTYtOGY4OC0zNDM2M2JjN2M0YzAiOnsiY3JlYXRlIjo2MDAwMDAwMDAwMCwiZGVsZXRlIjo2MDAwMDAwMDAwMCwidXBkYXRlIjo2MDAwMDAwMDAwMH19"
        }
      ]
    },
    {
      "mode": "managed",
      "type": "yandex_vpc_route_table",
      "name": "rt",
      "provider": "provider[\"registry.terraform.io/yandex-cloud/yandex\"]",
      "instances": [
        {
          "schema_version": 0,
          "attributes": {
            "created_at": "2023-09-27T17:21:26Z",
            "description": "",
            "folder_id": "b1g3qp4v82uf78n684iu",
            "id": "enp24i9b0cqgteh25499",
            "labels": {},
            "name": "rt",
            "network_id": "enpoe3ma2tgjlb0ik0s1",
            "static_route": [
              {
                "destination_prefix": "0.0.0.0/0",
                "gateway_id": "enpkq1sfdm4nr6st0h7r",
                "next_hop_address": ""
              }
            ],
            "timeouts": null
          },
          "sensitive_attributes": [],
          "private": "eyJlMmJmYjczMC1lY2FhLTExZTYtOGY4OC0zNDM2M2JjN2M0YzAiOnsiY3JlYXRlIjoxODAwMDAwMDAwMDAsImRlbGV0ZSI6MTgwMDAwMDAwMDAwLCJ1cGRhdGUiOjE4MDAwMDAwMDAwMH19",
          "dependencies": [
            "yandex_vpc_gateway.nat_gateway",
            "yandex_vpc_network.network-1"
          ]
        }
      ]
    },
    {
      "mode": "managed",
      "type": "yandex_vpc_security_group",
      "name": "alb-sg",
      "provider": "provider[\"registry.terraform.io/yandex-cloud/yandex\"]",
      "instances": [
        {
          "schema_version": 0,
          "attributes": {
            "created_at": "2023-09-27T17:21:32Z",
            "description": "",
            "egress": [],
            "folder_id": "b1g3qp4v82uf78n684iu",
            "id": "enp29uj8if7js7o674ro",
            "ingress": [
              {
                "description": "",
                "from_port": -1,
                "id": "enpo4ia8supar52jb2vf",
                "labels": {},
                "port": 30080,
                "predefined_target": "loadbalancer_healthchecks",
                "protocol": "TCP",
                "security_group_id": "",
                "to_port": -1,
                "v4_cidr_blocks": [],
                "v6_cidr_blocks": []
              },
              {
                "description": "",
                "from_port": -1,
                "id": "enpv6u7acbnic15q5l5o",
                "labels": {},
                "port": 80,
                "predefined_target": "",
                "protocol": "TCP",
                "security_group_id": "",
                "to_port": -1,
                "v4_cidr_blocks": [
                  "0.0.0.0/0"
                ],
                "v6_cidr_blocks": []
              }
            ],
            "labels": {},
            "name": "alb-sg",
            "network_id": "enpoe3ma2tgjlb0ik0s1",
            "status": "ACTIVE",
            "timeouts": null
          },
          "sensitive_attributes": [],
          "private": "eyJlMmJmYjczMC1lY2FhLTExZTYtOGY4OC0zNDM2M2JjN2M0YzAiOnsiY3JlYXRlIjoxODAwMDAwMDAwMDAsImRlbGV0ZSI6MTgwMDAwMDAwMDAwLCJ1cGRhdGUiOjE4MDAwMDAwMDAwMH19",
          "dependencies": [
            "yandex_vpc_network.network-1"
          ]
        }
      ]
    },
    {
      "mode": "managed",
      "type": "yandex_vpc_security_group",
      "name": "bastion-sg",
      "provider": "provider[\"registry.terraform.io/yandex-cloud/yandex\"]",
      "instances": [
        {
          "schema_version": 0,
          "attributes": {
            "created_at": "2023-09-27T17:21:26Z",
            "description": "",
            "egress": [
              {
                "description": "",
                "from_port": -1,
                "id": "enp7058ictnbqhpr40gn",
                "labels": {},
                "port": 22,
                "predefined_target": "",
                "protocol": "TCP",
                "security_group_id": "",
                "to_port": -1,
                "v4_cidr_blocks": [
                  "0.0.0.0/0"
                ],
                "v6_cidr_blocks": []
              }
            ],
            "folder_id": "b1g3qp4v82uf78n684iu",
            "id": "enpmaip6b7n1ssqo8a55",
            "ingress": [
              {
                "description": "",
                "from_port": -1,
                "id": "enpk1koo0161rrslc5sf",
                "labels": {},
                "port": 22,
                "predefined_target": "",
                "protocol": "TCP",
                "security_group_id": "",
                "to_port": -1,
                "v4_cidr_blocks": [
                  "0.0.0.0/0"
                ],
                "v6_cidr_blocks": []
              }
            ],
            "labels": {},
            "name": "bastion-sg",
            "network_id": "enpoe3ma2tgjlb0ik0s1",
            "status": "ACTIVE",
            "timeouts": null
          },
          "sensitive_attributes": [],
          "private": "eyJlMmJmYjczMC1lY2FhLTExZTYtOGY4OC0zNDM2M2JjN2M0YzAiOnsiY3JlYXRlIjoxODAwMDAwMDAwMDAsImRlbGV0ZSI6MTgwMDAwMDAwMDAwLCJ1cGRhdGUiOjE4MDAwMDAwMDAwMH19",
          "dependencies": [
            "yandex_vpc_network.network-1"
          ]
        }
      ]
    },
    {
      "mode": "managed",
      "type": "yandex_vpc_security_group",
      "name": "egress-sg",
      "provider": "provider[\"registry.terraform.io/yandex-cloud/yandex\"]",
      "instances": [
        {
          "schema_version": 0,
          "attributes": {
            "created_at": "2023-09-27T17:21:28Z",
            "description": "",
            "egress": [
              {
                "description": "",
                "from_port": 0,
                "id": "enpg6cpi1q55kmdd6tbm",
                "labels": {},
                "port": -1,
                "predefined_target": "",
                "protocol": "ANY",
                "security_group_id": "",
                "to_port": 65535,
                "v4_cidr_blocks": [
                  "0.0.0.0/0"
                ],
                "v6_cidr_blocks": []
              }
            ],
            "folder_id": "b1g3qp4v82uf78n684iu",
            "id": "enpnoga4juv6g68uj77m",
            "ingress": [],
            "labels": {},
            "name": "egress-sg",
            "network_id": "enpoe3ma2tgjlb0ik0s1",
            "status": "ACTIVE",
            "timeouts": null
          },
          "sensitive_attributes": [],
          "private": "eyJlMmJmYjczMC1lY2FhLTExZTYtOGY4OC0zNDM2M2JjN2M0YzAiOnsiY3JlYXRlIjoxODAwMDAwMDAwMDAsImRlbGV0ZSI6MTgwMDAwMDAwMDAwLCJ1cGRhdGUiOjE4MDAwMDAwMDAwMH19",
          "dependencies": [
            "yandex_vpc_network.network-1"
          ]
        }
      ]
    },
    {
      "mode": "managed",
      "type": "yandex_vpc_security_group",
      "name": "elastic-sg",
      "provider": "provider[\"registry.terraform.io/yandex-cloud/yandex\"]",
      "instances": [
        {
          "schema_version": 0,
          "attributes": {
            "created_at": "2023-09-27T17:21:31Z",
            "description": "",
            "egress": [],
            "folder_id": "b1g3qp4v82uf78n684iu",
            "id": "enppu1psl88std4j43ku",
            "ingress": [
              {
                "description": "",
                "from_port": -1,
                "id": "enp0jd63q0k22b9jl7lm",
                "labels": {},
                "port": 9200,
                "predefined_target": "",
                "protocol": "TCP",
                "security_group_id": "",
                "to_port": -1,
                "v4_cidr_blocks": [
                  "192.168.11.0/24"
                ],
                "v6_cidr_blocks": []
              },
              {
                "description": "",
                "from_port": -1,
                "id": "enph7udda4qrdvko8vmt",
                "labels": {},
                "port": 9300,
                "predefined_target": "",
                "protocol": "TCP",
                "security_group_id": "",
                "to_port": -1,
                "v4_cidr_blocks": [
                  "192.168.11.0/24"
                ],
                "v6_cidr_blocks": []
              },
              {
                "description": "",
                "from_port": -1,
                "id": "enpiio0itbuq3a5v7ag4",
                "labels": {},
                "port": 9200,
                "predefined_target": "",
                "protocol": "TCP",
                "security_group_id": "",
                "to_port": -1,
                "v4_cidr_blocks": [
                  "192.168.10.0/24"
                ],
                "v6_cidr_blocks": []
              },
              {
                "description": "",
                "from_port": -1,
                "id": "enpv91hgue6k4ni4056f",
                "labels": {},
                "port": 9300,
                "predefined_target": "",
                "protocol": "TCP",
                "security_group_id": "",
                "to_port": -1,
                "v4_cidr_blocks": [
                  "192.168.10.0/24"
                ],
                "v6_cidr_blocks": []
              }
            ],
            "labels": {},
            "name": "elastic-sg",
            "network_id": "enpoe3ma2tgjlb0ik0s1",
            "status": "ACTIVE",
            "timeouts": null
          },
          "sensitive_attributes": [],
          "private": "eyJlMmJmYjczMC1lY2FhLTExZTYtOGY4OC0zNDM2M2JjN2M0YzAiOnsiY3JlYXRlIjoxODAwMDAwMDAwMDAsImRlbGV0ZSI6MTgwMDAwMDAwMDAwLCJ1cGRhdGUiOjE4MDAwMDAwMDAwMH19",
          "dependencies": [
            "yandex_vpc_gateway.nat_gateway",
            "yandex_vpc_network.network-1",
            "yandex_vpc_route_table.rt",
            "yandex_vpc_subnet.subnet-1",
            "yandex_vpc_subnet.subnet-2"
          ]
        }
      ]
    },
    {
      "mode": "managed",
      "type": "yandex_vpc_security_group",
      "name": "kibana-sg",
      "provider": "provider[\"registry.terraform.io/yandex-cloud/yandex\"]",
      "instances": [
        {
          "schema_version": 0,
          "attributes": {
            "created_at": "2023-09-27T17:21:27Z",
            "description": "",
            "egress": [],
            "folder_id": "b1g3qp4v82uf78n684iu",
            "id": "enpmrak8aso8vgm11s9d",
            "ingress": [
              {
                "description": "",
                "from_port": -1,
                "id": "enpkqcf6n0hfmqj2h4n0",
                "labels": {},
                "port": 5601,
                "predefined_target": "",
                "protocol": "TCP",
                "security_group_id": "",
                "to_port": -1,
                "v4_cidr_blocks": [
                  "0.0.0.0/0"
                ],
                "v6_cidr_blocks": []
              }
            ],
            "labels": {},
            "name": "kibana-sg",
            "network_id": "enpoe3ma2tgjlb0ik0s1",
            "status": "ACTIVE",
            "timeouts": null
          },
          "sensitive_attributes": [],
          "private": "eyJlMmJmYjczMC1lY2FhLTExZTYtOGY4OC0zNDM2M2JjN2M0YzAiOnsiY3JlYXRlIjoxODAwMDAwMDAwMDAsImRlbGV0ZSI6MTgwMDAwMDAwMDAwLCJ1cGRhdGUiOjE4MDAwMDAwMDAwMH19",
          "dependencies": [
            "yandex_vpc_network.network-1"
          ]
        }
      ]
    },
    {
      "mode": "managed",
      "type": "yandex_vpc_security_group",
      "name": "ssh-sg",
      "provider": "provider[\"registry.terraform.io/yandex-cloud/yandex\"]",
      "instances": [
        {
          "schema_version": 0,
          "attributes": {
            "created_at": "2023-09-27T17:21:36Z",
            "description": "",
            "egress": [
              {
                "description": "",
                "from_port": -1,
                "id": "enpie0gbf2uq71779eg9",
                "labels": {},
                "port": 22,
                "predefined_target": "",
                "protocol": "TCP",
                "security_group_id": "enpmaip6b7n1ssqo8a55",
                "to_port": -1,
                "v4_cidr_blocks": [],
                "v6_cidr_blocks": []
              }
            ],
            "folder_id": "b1g3qp4v82uf78n684iu",
            "id": "enpcroip18o7mcrh77i9",
            "ingress": [
              {
                "description": "",
                "from_port": -1,
                "id": "enp1kr48v6kqg7roh4vg",
                "labels": {},
                "port": 22,
                "predefined_target": "",
                "protocol": "TCP",
                "security_group_id": "enpmaip6b7n1ssqo8a55",
                "to_port": -1,
                "v4_cidr_blocks": [],
                "v6_cidr_blocks": []
              }
            ],
            "labels": {},
            "name": "ssh-sg",
            "network_id": "enpoe3ma2tgjlb0ik0s1",
            "status": "ACTIVE",
            "timeouts": null
          },
          "sensitive_attributes": [],
          "private": "eyJlMmJmYjczMC1lY2FhLTExZTYtOGY4OC0zNDM2M2JjN2M0YzAiOnsiY3JlYXRlIjoxODAwMDAwMDAwMDAsImRlbGV0ZSI6MTgwMDAwMDAwMDAwLCJ1cGRhdGUiOjE4MDAwMDAwMDAwMH19",
          "dependencies": [
            "yandex_vpc_network.network-1",
            "yandex_vpc_security_group.bastion-sg"
          ]
        }
      ]
    },
    {
      "mode": "managed",
      "type": "yandex_vpc_security_group",
      "name": "web-sg",
      "provider": "provider[\"registry.terraform.io/yandex-cloud/yandex\"]",
      "instances": [
        {
          "schema_version": 0,
          "attributes": {
            "created_at": "2023-09-27T17:21:33Z",
            "description": "",
            "egress": [],
            "folder_id": "b1g3qp4v82uf78n684iu",
            "id": "enp2tltlukh1940t17dn",
            "ingress": [
              {
                "description": "",
                "from_port": -1,
                "id": "enp1glci5un2q896rddv",
                "labels": {},
                "port": 80,
                "predefined_target": "",
                "protocol": "TCP",
                "security_group_id": "enp29uj8if7js7o674ro",
                "to_port": -1,
                "v4_cidr_blocks": [],
                "v6_cidr_blocks": []
              }
            ],
            "labels": {},
            "name": "web-sg",
            "network_id": "enpoe3ma2tgjlb0ik0s1",
            "status": "ACTIVE",
            "timeouts": null
          },
          "sensitive_attributes": [],
          "private": "eyJlMmJmYjczMC1lY2FhLTExZTYtOGY4OC0zNDM2M2JjN2M0YzAiOnsiY3JlYXRlIjoxODAwMDAwMDAwMDAsImRlbGV0ZSI6MTgwMDAwMDAwMDAwLCJ1cGRhdGUiOjE4MDAwMDAwMDAwMH19",
          "dependencies": [
            "yandex_vpc_network.network-1",
            "yandex_vpc_security_group.alb-sg"
          ]
        }
      ]
    },
    {
      "mode": "managed",
      "type": "yandex_vpc_security_group",
      "name": "zabbix-server-sg",
      "provider": "provider[\"registry.terraform.io/yandex-cloud/yandex\"]",
      "instances": [
        {
          "schema_version": 0,
          "attributes": {
            "created_at": "2023-09-27T17:21:29Z",
            "description": "",
            "egress": [],
            "folder_id": "b1g3qp4v82uf78n684iu",
            "id": "enph7oh3gd4nkaq19bdm",
            "ingress": [
              {
                "description": "",
                "from_port": -1,
                "id": "enpd1e593uteb2ul1s0v",
                "labels": {},
                "port": 80,
                "predefined_target": "",
                "protocol": "TCP",
                "security_group_id": "",
                "to_port": -1,
                "v4_cidr_blocks": [
                  "0.0.0.0/0"
                ],
                "v6_cidr_blocks": []
              },
              {
                "description": "",
                "from_port": 10050,
                "id": "enpkhhu7lhdob7q87kig",
                "labels": {},
                "port": -1,
                "predefined_target": "",
                "protocol": "TCP",
                "security_group_id": "",
                "to_port": 10052,
                "v4_cidr_blocks": [
                  "192.168.11.0/24"
                ],
                "v6_cidr_blocks": []
              },
              {
                "description": "",
                "from_port": 10050,
                "id": "enpo95csqvvbq7phf311",
                "labels": {},
                "port": -1,
                "predefined_target": "",
                "protocol": "TCP",
                "security_group_id": "",
                "to_port": 10051,
                "v4_cidr_blocks": [
                  "192.168.10.0/24"
                ],
                "v6_cidr_blocks": []
              }
            ],
            "labels": {},
            "name": "zabbix-server-sg",
            "network_id": "enpoe3ma2tgjlb0ik0s1",
            "status": "ACTIVE",
            "timeouts": null
          },
          "sensitive_attributes": [],
          "private": "eyJlMmJmYjczMC1lY2FhLTExZTYtOGY4OC0zNDM2M2JjN2M0YzAiOnsiY3JlYXRlIjoxODAwMDAwMDAwMDAsImRlbGV0ZSI6MTgwMDAwMDAwMDAwLCJ1cGRhdGUiOjE4MDAwMDAwMDAwMH19",
          "dependencies": [
            "yandex_vpc_gateway.nat_gateway",
            "yandex_vpc_network.network-1",
            "yandex_vpc_route_table.rt",
            "yandex_vpc_subnet.subnet-1",
            "yandex_vpc_subnet.subnet-2"
          ]
        }
      ]
    },
    {
      "mode": "managed",
      "type": "yandex_vpc_security_group",
      "name": "zabbix-sg",
      "provider": "provider[\"registry.terraform.io/yandex-cloud/yandex\"]",
      "instances": [
        {
          "schema_version": 0,
          "attributes": {
            "created_at": "2023-09-27T17:21:34Z",
            "description": "",
            "egress": [
              {
                "description": "",
                "from_port": 10050,
                "id": "enpjipsu0em139klmi4j",
                "labels": {},
                "port": -1,
                "predefined_target": "",
                "protocol": "TCP",
                "security_group_id": "enph7oh3gd4nkaq19bdm",
                "to_port": 10051,
                "v4_cidr_blocks": [],
                "v6_cidr_blocks": []
              }
            ],
            "folder_id": "b1g3qp4v82uf78n684iu",
            "id": "enp9thb5k9o3ndnsva5j",
            "ingress": [
              {
                "description": "",
                "from_port": 10050,
                "id": "enp7v91u6aktb2t4r4me",
                "labels": {},
                "port": -1,
                "predefined_target": "",
                "protocol": "TCP",
                "security_group_id": "enph7oh3gd4nkaq19bdm",
                "to_port": 10051,
                "v4_cidr_blocks": [],
                "v6_cidr_blocks": []
              }
            ],
            "labels": {},
            "name": "zabbix-sg",
            "network_id": "enpoe3ma2tgjlb0ik0s1",
            "status": "ACTIVE",
            "timeouts": null
          },
          "sensitive_attributes": [],
          "private": "eyJlMmJmYjczMC1lY2FhLTExZTYtOGY4OC0zNDM2M2JjN2M0YzAiOnsiY3JlYXRlIjoxODAwMDAwMDAwMDAsImRlbGV0ZSI6MTgwMDAwMDAwMDAwLCJ1cGRhdGUiOjE4MDAwMDAwMDAwMH19",
          "dependencies": [
            "yandex_vpc_gateway.nat_gateway",
            "yandex_vpc_network.network-1",
            "yandex_vpc_route_table.rt",
            "yandex_vpc_security_group.zabbix-server-sg",
            "yandex_vpc_subnet.subnet-1",
            "yandex_vpc_subnet.subnet-2"
          ]
        }
      ]
    },
    {
      "mode": "managed",
      "type": "yandex_vpc_subnet",
      "name": "subnet-1",
      "provider": "provider[\"registry.terraform.io/yandex-cloud/yandex\"]",
      "instances": [
        {
          "schema_version": 0,
          "attributes": {
            "created_at": "2023-09-27T17:21:27Z",
            "description": "",
            "dhcp_options": [],
            "folder_id": "b1g3qp4v82uf78n684iu",
            "id": "e9boi3fp6jr9dvc0j4on",
            "labels": {},
            "name": "subnet-1",
            "network_id": "enpoe3ma2tgjlb0ik0s1",
            "route_table_id": "enp24i9b0cqgteh25499",
            "timeouts": null,
            "v4_cidr_blocks": [
              "192.168.10.0/24"
            ],
            "v6_cidr_blocks": [],
            "zone": "ru-central1-a"
          },
          "sensitive_attributes": [],
          "private": "eyJlMmJmYjczMC1lY2FhLTExZTYtOGY4OC0zNDM2M2JjN2M0YzAiOnsiY3JlYXRlIjoxODAwMDAwMDAwMDAsImRlbGV0ZSI6MTgwMDAwMDAwMDAwLCJ1cGRhdGUiOjE4MDAwMDAwMDAwMH19",
          "dependencies": [
            "yandex_vpc_gateway.nat_gateway",
            "yandex_vpc_network.network-1",
            "yandex_vpc_route_table.rt"
          ]
        }
      ]
    },
    {
      "mode": "managed",
      "type": "yandex_vpc_subnet",
      "name": "subnet-2",
      "provider": "provider[\"registry.terraform.io/yandex-cloud/yandex\"]",
      "instances": [
        {
          "schema_version": 0,
          "attributes": {
            "created_at": "2023-09-27T17:21:26Z",
            "description": "",
            "dhcp_options": [],
            "folder_id": "b1g3qp4v82uf78n684iu",
            "id": "e9b01t06bnhkpo0r2gia",
            "labels": {},
            "name": "subnet-2",
            "network_id": "enpoe3ma2tgjlb0ik0s1",
            "route_table_id": "",
            "timeouts": null,
            "v4_cidr_blocks": [
              "192.168.11.0/24"
            ],
            "v6_cidr_blocks": [],
            "zone": "ru-central1-a"
          },
          "sensitive_attributes": [],
          "private": "eyJlMmJmYjczMC1lY2FhLTExZTYtOGY4OC0zNDM2M2JjN2M0YzAiOnsiY3JlYXRlIjoxODAwMDAwMDAwMDAsImRlbGV0ZSI6MTgwMDAwMDAwMDAwLCJ1cGRhdGUiOjE4MDAwMDAwMDAwMH19",
          "dependencies": [
            "yandex_vpc_network.network-1"
          ]
        }
      ]
    }
  ],
  "check_results": null
}
